// !$*UTF8*$!
{
	archiveVersion = 1;
	classes = {
	};
	objectVersion = 56;
	objects = {

/* Begin PBXBuildFile section */
		9C0C9D122974CC460069703D /* EditDoubleView.swift in Sources */ = {isa = PBXBuildFile; fileRef = 9C0C9D112974CC460069703D /* EditDoubleView.swift */; };
		9C1AE398297FA0A20016BF50 /* ScoringSettings.swift in Sources */ = {isa = PBXBuildFile; fileRef = 9C1AE397297FA0A20016BF50 /* ScoringSettings.swift */; };
		9C1AE39A297FA7DC0016BF50 /* steamerStandard.json in Resources */ = {isa = PBXBuildFile; fileRef = 9C1AE399297FA7DC0016BF50 /* steamerStandard.json */; };
		9C1AE39C29804D4A0016BF50 /* ScoringSettingsView.swift in Sources */ = {isa = PBXBuildFile; fileRef = 9C1AE39B29804D4A0016BF50 /* ScoringSettingsView.swift */; };
		9C1AE39E29807C290016BF50 /* StandardNaming.swift in Sources */ = {isa = PBXBuildFile; fileRef = 9C1AE39D29807C290016BF50 /* StandardNaming.swift */; };
		9C1AE3A42981F29D0016BF50 /* Positions.swift in Sources */ = {isa = PBXBuildFile; fileRef = 9C1AE3A32981F29D0016BF50 /* Positions.swift */; };
		9C1AE3A62981F4760016BF50 /* steamerStandardC.json in Resources */ = {isa = PBXBuildFile; fileRef = 9C1AE3A52981F4760016BF50 /* steamerStandardC.json */; };
		9C1AE3AF298224000016BF50 /* steamerStandard3B.json in Resources */ = {isa = PBXBuildFile; fileRef = 9C1AE3AA298223FF0016BF50 /* steamerStandard3B.json */; };
		9C1AE3B1298224000016BF50 /* steamerStandard2B.json in Resources */ = {isa = PBXBuildFile; fileRef = 9C1AE3AC298223FF0016BF50 /* steamerStandard2B.json */; };
		9C1AE3B2298224000016BF50 /* steamerStandardSS.json in Resources */ = {isa = PBXBuildFile; fileRef = 9C1AE3AD298223FF0016BF50 /* steamerStandardSS.json */; };
		9C1AE3BB2982261A0016BF50 /* atcStandardOF.json in Resources */ = {isa = PBXBuildFile; fileRef = 9C1AE3B52982261A0016BF50 /* atcStandardOF.json */; };
		9C1AE3BC2982261A0016BF50 /* atcStandardC.json in Resources */ = {isa = PBXBuildFile; fileRef = 9C1AE3B62982261A0016BF50 /* atcStandardC.json */; };
		9C1AE3BD2982261A0016BF50 /* atcStandard2B.json in Resources */ = {isa = PBXBuildFile; fileRef = 9C1AE3B72982261A0016BF50 /* atcStandard2B.json */; };
		9C1AE3BE2982261A0016BF50 /* atcStandard1B.json in Resources */ = {isa = PBXBuildFile; fileRef = 9C1AE3B82982261A0016BF50 /* atcStandard1B.json */; };
		9C1AE3BF2982261A0016BF50 /* atcStandard3B.json in Resources */ = {isa = PBXBuildFile; fileRef = 9C1AE3B92982261A0016BF50 /* atcStandard3B.json */; };
		9C1AE3C02982261A0016BF50 /* atcStandardSS.json in Resources */ = {isa = PBXBuildFile; fileRef = 9C1AE3BA2982261A0016BF50 /* atcStandardSS.json */; };
		9C1AE3C229822D710016BF50 /* steamerStandard1B.json in Resources */ = {isa = PBXBuildFile; fileRef = 9C1AE3C129822D710016BF50 /* steamerStandard1B.json */; };
		9C1AE3C429822D8C0016BF50 /* steamerStandardOF.json in Resources */ = {isa = PBXBuildFile; fileRef = 9C1AE3C329822D8C0016BF50 /* steamerStandardOF.json */; };
		9C75B9B8296F590F003B35E6 /* FantasyDraftToolApp.swift in Sources */ = {isa = PBXBuildFile; fileRef = 9C75B9B7296F590F003B35E6 /* FantasyDraftToolApp.swift */; };
		9C75B9BA296F590F003B35E6 /* ContentView.swift in Sources */ = {isa = PBXBuildFile; fileRef = 9C75B9B9296F590F003B35E6 /* ContentView.swift */; };
		9C75B9BC296F5910003B35E6 /* Assets.xcassets in Resources */ = {isa = PBXBuildFile; fileRef = 9C75B9BB296F5910003B35E6 /* Assets.xcassets */; };
		9C75B9BF296F5910003B35E6 /* Preview Assets.xcassets in Resources */ = {isa = PBXBuildFile; fileRef = 9C75B9BE296F5910003B35E6 /* Preview Assets.xcassets */; };
		9C75B9C8296F8C7E003B35E6 /* Batter.swift in Sources */ = {isa = PBXBuildFile; fileRef = 9C75B9C7296F8C7E003B35E6 /* Batter.swift */; };
		9C75B9CC296F9386003B35E6 /* steamer.json in Resources */ = {isa = PBXBuildFile; fileRef = 9C75B9CB296F9386003B35E6 /* steamer.json */; };
		9C75B9CE296FD174003B35E6 /* BatterDetailView.swift in Sources */ = {isa = PBXBuildFile; fileRef = 9C75B9CD296FD174003B35E6 /* BatterDetailView.swift */; };
		9C75B9E9296FD215003B35E6 /* ExtDate.swift in Sources */ = {isa = PBXBuildFile; fileRef = 9C75B9E1296FD215003B35E6 /* ExtDate.swift */; };
		9C75B9EA296FD215003B35E6 /* ExtView.swift in Sources */ = {isa = PBXBuildFile; fileRef = 9C75B9E2296FD215003B35E6 /* ExtView.swift */; };
		9C75B9EB296FD215003B35E6 /* CoreDataExtensions.swift in Sources */ = {isa = PBXBuildFile; fileRef = 9C75B9E3296FD215003B35E6 /* CoreDataExtensions.swift */; };
		9C75B9EC296FD215003B35E6 /* ExtDouble.swift in Sources */ = {isa = PBXBuildFile; fileRef = 9C75B9E4296FD215003B35E6 /* ExtDouble.swift */; };
		9C75B9ED296FD215003B35E6 /* ExtInt.swift in Sources */ = {isa = PBXBuildFile; fileRef = 9C75B9E5296FD215003B35E6 /* ExtInt.swift */; };
		9C75B9EE296FD215003B35E6 /* ExtColor.swift in Sources */ = {isa = PBXBuildFile; fileRef = 9C75B9E6296FD215003B35E6 /* ExtColor.swift */; };
		9C75B9EF296FD215003B35E6 /* ExtText.swift in Sources */ = {isa = PBXBuildFile; fileRef = 9C75B9E7296FD215003B35E6 /* ExtText.swift */; };
		9C75B9F0296FD215003B35E6 /* ExtStr.swift in Sources */ = {isa = PBXBuildFile; fileRef = 9C75B9E8296FD215003B35E6 /* ExtStr.swift */; };
/* End PBXBuildFile section */

/* Begin PBXFileReference section */
		9C0C9D112974CC460069703D /* EditDoubleView.swift */ = {isa = PBXFileReference; lastKnownFileType = sourcecode.swift; path = EditDoubleView.swift; sourceTree = "<group>"; };
		9C1AE397297FA0A20016BF50 /* ScoringSettings.swift */ = {isa = PBXFileReference; lastKnownFileType = sourcecode.swift; path = ScoringSettings.swift; sourceTree = "<group>"; };
		9C1AE399297FA7DC0016BF50 /* steamerStandard.json */ = {isa = PBXFileReference; fileEncoding = 4; lastKnownFileType = text.json; path = steamerStandard.json; sourceTree = "<group>"; };
		9C1AE39B29804D4A0016BF50 /* ScoringSettingsView.swift */ = {isa = PBXFileReference; lastKnownFileType = sourcecode.swift; path = ScoringSettingsView.swift; sourceTree = "<group>"; };
		9C1AE39D29807C290016BF50 /* StandardNaming.swift */ = {isa = PBXFileReference; lastKnownFileType = sourcecode.swift; path = StandardNaming.swift; sourceTree = "<group>"; };
		9C1AE3A32981F29D0016BF50 /* Positions.swift */ = {isa = PBXFileReference; lastKnownFileType = sourcecode.swift; path = Positions.swift; sourceTree = "<group>"; };
		9C1AE3A52981F4760016BF50 /* steamerStandardC.json */ = {isa = PBXFileReference; fileEncoding = 4; lastKnownFileType = text.json; path = steamerStandardC.json; sourceTree = "<group>"; };
		9C1AE3AA298223FF0016BF50 /* steamerStandard3B.json */ = {isa = PBXFileReference; fileEncoding = 4; lastKnownFileType = text.json; path = steamerStandard3B.json; sourceTree = "<group>"; };
		9C1AE3AC298223FF0016BF50 /* steamerStandard2B.json */ = {isa = PBXFileReference; fileEncoding = 4; lastKnownFileType = text.json; path = steamerStandard2B.json; sourceTree = "<group>"; };
		9C1AE3AD298223FF0016BF50 /* steamerStandardSS.json */ = {isa = PBXFileReference; fileEncoding = 4; lastKnownFileType = text.json; path = steamerStandardSS.json; sourceTree = "<group>"; };
		9C1AE3B52982261A0016BF50 /* atcStandardOF.json */ = {isa = PBXFileReference; fileEncoding = 4; lastKnownFileType = text.json; path = atcStandardOF.json; sourceTree = "<group>"; };
		9C1AE3B62982261A0016BF50 /* atcStandardC.json */ = {isa = PBXFileReference; fileEncoding = 4; lastKnownFileType = text.json; path = atcStandardC.json; sourceTree = "<group>"; };
		9C1AE3B72982261A0016BF50 /* atcStandard2B.json */ = {isa = PBXFileReference; fileEncoding = 4; lastKnownFileType = text.json; path = atcStandard2B.json; sourceTree = "<group>"; };
		9C1AE3B82982261A0016BF50 /* atcStandard1B.json */ = {isa = PBXFileReference; fileEncoding = 4; lastKnownFileType = text.json; path = atcStandard1B.json; sourceTree = "<group>"; };
		9C1AE3B92982261A0016BF50 /* atcStandard3B.json */ = {isa = PBXFileReference; fileEncoding = 4; lastKnownFileType = text.json; path = atcStandard3B.json; sourceTree = "<group>"; };
		9C1AE3BA2982261A0016BF50 /* atcStandardSS.json */ = {isa = PBXFileReference; fileEncoding = 4; lastKnownFileType = text.json; path = atcStandardSS.json; sourceTree = "<group>"; };
		9C1AE3C129822D710016BF50 /* steamerStandard1B.json */ = {isa = PBXFileReference; fileEncoding = 4; lastKnownFileType = text.json; path = steamerStandard1B.json; sourceTree = "<group>"; };
		9C1AE3C329822D8C0016BF50 /* steamerStandardOF.json */ = {isa = PBXFileReference; fileEncoding = 4; lastKnownFileType = text.json; path = steamerStandardOF.json; sourceTree = "<group>"; };
		9C75B9B4296F590F003B35E6 /* FantasyDraftTool.app */ = {isa = PBXFileReference; explicitFileType = wrapper.application; includeInIndex = 0; path = FantasyDraftTool.app; sourceTree = BUILT_PRODUCTS_DIR; };
		9C75B9B7296F590F003B35E6 /* FantasyDraftToolApp.swift */ = {isa = PBXFileReference; lastKnownFileType = sourcecode.swift; path = FantasyDraftToolApp.swift; sourceTree = "<group>"; };
		9C75B9B9296F590F003B35E6 /* ContentView.swift */ = {isa = PBXFileReference; lastKnownFileType = sourcecode.swift; path = ContentView.swift; sourceTree = "<group>"; };
		9C75B9BB296F5910003B35E6 /* Assets.xcassets */ = {isa = PBXFileReference; lastKnownFileType = folder.assetcatalog; path = Assets.xcassets; sourceTree = "<group>"; };
		9C75B9BE296F5910003B35E6 /* Preview Assets.xcassets */ = {isa = PBXFileReference; lastKnownFileType = folder.assetcatalog; path = "Preview Assets.xcassets"; sourceTree = "<group>"; };
		9C75B9C7296F8C7E003B35E6 /* Batter.swift */ = {isa = PBXFileReference; lastKnownFileType = sourcecode.swift; path = Batter.swift; sourceTree = "<group>"; };
		9C75B9CB296F9386003B35E6 /* steamer.json */ = {isa = PBXFileReference; fileEncoding = 4; lastKnownFileType = text.json; path = steamer.json; sourceTree = "<group>"; };
		9C75B9CD296FD174003B35E6 /* BatterDetailView.swift */ = {isa = PBXFileReference; lastKnownFileType = sourcecode.swift; path = BatterDetailView.swift; sourceTree = "<group>"; };
		9C75B9E1296FD215003B35E6 /* ExtDate.swift */ = {isa = PBXFileReference; fileEncoding = 4; lastKnownFileType = sourcecode.swift; path = ExtDate.swift; sourceTree = "<group>"; };
		9C75B9E2296FD215003B35E6 /* ExtView.swift */ = {isa = PBXFileReference; fileEncoding = 4; lastKnownFileType = sourcecode.swift; path = ExtView.swift; sourceTree = "<group>"; };
		9C75B9E3296FD215003B35E6 /* CoreDataExtensions.swift */ = {isa = PBXFileReference; fileEncoding = 4; lastKnownFileType = sourcecode.swift; path = CoreDataExtensions.swift; sourceTree = "<group>"; };
		9C75B9E4296FD215003B35E6 /* ExtDouble.swift */ = {isa = PBXFileReference; fileEncoding = 4; lastKnownFileType = sourcecode.swift; path = ExtDouble.swift; sourceTree = "<group>"; };
		9C75B9E5296FD215003B35E6 /* ExtInt.swift */ = {isa = PBXFileReference; fileEncoding = 4; lastKnownFileType = sourcecode.swift; path = ExtInt.swift; sourceTree = "<group>"; };
		9C75B9E6296FD215003B35E6 /* ExtColor.swift */ = {isa = PBXFileReference; fileEncoding = 4; lastKnownFileType = sourcecode.swift; path = ExtColor.swift; sourceTree = "<group>"; };
		9C75B9E7296FD215003B35E6 /* ExtText.swift */ = {isa = PBXFileReference; fileEncoding = 4; lastKnownFileType = sourcecode.swift; path = ExtText.swift; sourceTree = "<group>"; };
		9C75B9E8296FD215003B35E6 /* ExtStr.swift */ = {isa = PBXFileReference; fileEncoding = 4; lastKnownFileType = sourcecode.swift; path = ExtStr.swift; sourceTree = "<group>"; };
/* End PBXFileReference section */

/* Begin PBXFrameworksBuildPhase section */
		9C75B9B1296F590F003B35E6 /* Frameworks */ = {
			isa = PBXFrameworksBuildPhase;
			buildActionMask = 2147483647;
			files = (
			);
			runOnlyForDeploymentPostprocessing = 0;
		};
/* End PBXFrameworksBuildPhase section */

/* Begin PBXGroup section */
		9C1AE396297FA08F0016BF50 /* Model */ = {
			isa = PBXGroup;
			children = (
				9C1AE3A72982239F0016BF50 /* Projection JSONS */,
				9C1AE3A22981F1A90016BF50 /* Objects */,
				9C1AE3A9298223BF0016BF50 /* Not used JSONs */,
			);
			path = Model;
			sourceTree = "<group>";
		};
		9C1AE39F2980A7170016BF50 /* Views */ = {
			isa = PBXGroup;
			children = (
				9C75B9B9296F590F003B35E6 /* ContentView.swift */,
				9C1AE39B29804D4A0016BF50 /* ScoringSettingsView.swift */,
				9C75B9CD296FD174003B35E6 /* BatterDetailView.swift */,
				9C0C9D112974CC460069703D /* EditDoubleView.swift */,
			);
			path = Views;
			sourceTree = "<group>";
		};
		9C1AE3A22981F1A90016BF50 /* Objects */ = {
			isa = PBXGroup;
			children = (
				9C1AE397297FA0A20016BF50 /* ScoringSettings.swift */,
				9C1AE39D29807C290016BF50 /* StandardNaming.swift */,
				9C75B9C7296F8C7E003B35E6 /* Batter.swift */,
				9C1AE3A32981F29D0016BF50 /* Positions.swift */,
			);
			path = Objects;
			sourceTree = "<group>";
		};
		9C1AE3A72982239F0016BF50 /* Projection JSONS */ = {
			isa = PBXGroup;
			children = (
				9C1AE3B4298225700016BF50 /* ATC */,
				9C1AE3A8298223AA0016BF50 /* Steamer */,
			);
			path = "Projection JSONS";
			sourceTree = "<group>";
		};
		9C1AE3A8298223AA0016BF50 /* Steamer */ = {
			isa = PBXGroup;
			children = (
				9C1AE3C129822D710016BF50 /* steamerStandard1B.json */,
				9C1AE3AC298223FF0016BF50 /* steamerStandard2B.json */,
				9C1AE3AA298223FF0016BF50 /* steamerStandard3B.json */,
				9C1AE3AD298223FF0016BF50 /* steamerStandardSS.json */,
				9C1AE3A52981F4760016BF50 /* steamerStandardC.json */,
				9C1AE3C329822D8C0016BF50 /* steamerStandardOF.json */,
			);
			path = Steamer;
			sourceTree = "<group>";
		};
		9C1AE3A9298223BF0016BF50 /* Not used JSONs */ = {
			isa = PBXGroup;
			children = (
				9C75B9CB296F9386003B35E6 /* steamer.json */,
				9C1AE399297FA7DC0016BF50 /* steamerStandard.json */,
			);
			path = "Not used JSONs";
			sourceTree = "<group>";
		};
		9C1AE3B4298225700016BF50 /* ATC */ = {
			isa = PBXGroup;
			children = (
				9C1AE3B62982261A0016BF50 /* atcStandardC.json */,
				9C1AE3B82982261A0016BF50 /* atcStandard1B.json */,
				9C1AE3B72982261A0016BF50 /* atcStandard2B.json */,
				9C1AE3B92982261A0016BF50 /* atcStandard3B.json */,
				9C1AE3BA2982261A0016BF50 /* atcStandardSS.json */,
				9C1AE3B52982261A0016BF50 /* atcStandardOF.json */,
			);
			path = ATC;
			sourceTree = "<group>";
		};
		9C75B9AB296F590F003B35E6 = {
			isa = PBXGroup;
			children = (
				9C75B9B6296F590F003B35E6 /* FantasyDraftTool */,
				9C75B9B5296F590F003B35E6 /* Products */,
			);
			sourceTree = "<group>";
		};
		9C75B9B5296F590F003B35E6 /* Products */ = {
			isa = PBXGroup;
			children = (
				9C75B9B4296F590F003B35E6 /* FantasyDraftTool.app */,
			);
			name = Products;
			sourceTree = "<group>";
		};
		9C75B9B6296F590F003B35E6 /* FantasyDraftTool */ = {
			isa = PBXGroup;
			children = (
				9C75B9B7296F590F003B35E6 /* FantasyDraftToolApp.swift */,
				9C1AE39F2980A7170016BF50 /* Views */,
				9C1AE396297FA08F0016BF50 /* Model */,
				9C75B9E0296FD215003B35E6 /* Extensions */,
				9C75B9BB296F5910003B35E6 /* Assets.xcassets */,
				9C75B9BD296F5910003B35E6 /* Preview Content */,
			);
			path = FantasyDraftTool;
			sourceTree = "<group>";
		};
		9C75B9BD296F5910003B35E6 /* Preview Content */ = {
			isa = PBXGroup;
			children = (
				9C75B9BE296F5910003B35E6 /* Preview Assets.xcassets */,
			);
			path = "Preview Content";
			sourceTree = "<group>";
		};
		9C75B9E0296FD215003B35E6 /* Extensions */ = {
			isa = PBXGroup;
			children = (
				9C75B9E1296FD215003B35E6 /* ExtDate.swift */,
				9C75B9E2296FD215003B35E6 /* ExtView.swift */,
				9C75B9E3296FD215003B35E6 /* CoreDataExtensions.swift */,
				9C75B9E4296FD215003B35E6 /* ExtDouble.swift */,
				9C75B9E5296FD215003B35E6 /* ExtInt.swift */,
				9C75B9E6296FD215003B35E6 /* ExtColor.swift */,
				9C75B9E7296FD215003B35E6 /* ExtText.swift */,
				9C75B9E8296FD215003B35E6 /* ExtStr.swift */,
			);
			path = Extensions;
			sourceTree = "<group>";
		};
/* End PBXGroup section */

/* Begin PBXNativeTarget section */
		9C75B9B3296F590F003B35E6 /* FantasyDraftTool */ = {
			isa = PBXNativeTarget;
			buildConfigurationList = 9C75B9C2296F5910003B35E6 /* Build configuration list for PBXNativeTarget "FantasyDraftTool" */;
			buildPhases = (
				9C75B9B0296F590F003B35E6 /* Sources */,
				9C75B9B1296F590F003B35E6 /* Frameworks */,
				9C75B9B2296F590F003B35E6 /* Resources */,
			);
			buildRules = (
			);
			dependencies = (
			);
			name = FantasyDraftTool;
			productName = FantasyDraftTool;
			productReference = 9C75B9B4296F590F003B35E6 /* FantasyDraftTool.app */;
			productType = "com.apple.product-type.application";
		};
/* End PBXNativeTarget section */

/* Begin PBXProject section */
		9C75B9AC296F590F003B35E6 /* Project object */ = {
			isa = PBXProject;
			attributes = {
				BuildIndependentTargetsInParallel = 1;
				LastSwiftUpdateCheck = 1420;
				LastUpgradeCheck = 1420;
				TargetAttributes = {
					9C75B9B3296F590F003B35E6 = {
						CreatedOnToolsVersion = 14.2;
					};
				};
			};
			buildConfigurationList = 9C75B9AF296F590F003B35E6 /* Build configuration list for PBXProject "FantasyDraftTool" */;
			compatibilityVersion = "Xcode 14.0";
			developmentRegion = en;
			hasScannedForEncodings = 0;
			knownRegions = (
				en,
				Base,
			);
			mainGroup = 9C75B9AB296F590F003B35E6;
			productRefGroup = 9C75B9B5296F590F003B35E6 /* Products */;
			projectDirPath = "";
			projectRoot = "";
			targets = (
				9C75B9B3296F590F003B35E6 /* FantasyDraftTool */,
			);
		};
/* End PBXProject section */

/* Begin PBXResourcesBuildPhase section */
		9C75B9B2296F590F003B35E6 /* Resources */ = {
			isa = PBXResourcesBuildPhase;
			buildActionMask = 2147483647;
			files = (
				9C1AE3C429822D8C0016BF50 /* steamerStandardOF.json in Resources */,
				9C1AE3A62981F4760016BF50 /* steamerStandardC.json in Resources */,
				9C1AE3AF298224000016BF50 /* steamerStandard3B.json in Resources */,
				9C75B9CC296F9386003B35E6 /* steamer.json in Resources */,
				9C75B9BF296F5910003B35E6 /* Preview Assets.xcassets in Resources */,
				9C1AE3BE2982261A0016BF50 /* atcStandard1B.json in Resources */,
				9C75B9BC296F5910003B35E6 /* Assets.xcassets in Resources */,
				9C1AE3C229822D710016BF50 /* steamerStandard1B.json in Resources */,
				9C1AE3BD2982261A0016BF50 /* atcStandard2B.json in Resources */,
				9C1AE3BF2982261A0016BF50 /* atcStandard3B.json in Resources */,
				9C1AE3B1298224000016BF50 /* steamerStandard2B.json in Resources */,
				9C1AE3BB2982261A0016BF50 /* atcStandardOF.json in Resources */,
				9C1AE39A297FA7DC0016BF50 /* steamerStandard.json in Resources */,
				9C1AE3BC2982261A0016BF50 /* atcStandardC.json in Resources */,
				9C1AE3C02982261A0016BF50 /* atcStandardSS.json in Resources */,
				9C1AE3B2298224000016BF50 /* steamerStandardSS.json in Resources */,
			);
			runOnlyForDeploymentPostprocessing = 0;
		};
/* End PBXResourcesBuildPhase section */

/* Begin PBXSourcesBuildPhase section */
		9C75B9B0296F590F003B35E6 /* Sources */ = {
			isa = PBXSourcesBuildPhase;
			buildActionMask = 2147483647;
			files = (
				9C1AE3A42981F29D0016BF50 /* Positions.swift in Sources */,
				9C75B9EA296FD215003B35E6 /* ExtView.swift in Sources */,
				9C75B9EE296FD215003B35E6 /* ExtColor.swift in Sources */,
				9C75B9EF296FD215003B35E6 /* ExtText.swift in Sources */,
				9C0C9D122974CC460069703D /* EditDoubleView.swift in Sources */,
				9C1AE398297FA0A20016BF50 /* ScoringSettings.swift in Sources */,
				9C75B9BA296F590F003B35E6 /* ContentView.swift in Sources */,
				9C75B9CE296FD174003B35E6 /* BatterDetailView.swift in Sources */,
				9C75B9ED296FD215003B35E6 /* ExtInt.swift in Sources */,
				9C75B9C8296F8C7E003B35E6 /* Batter.swift in Sources */,
				9C75B9B8296F590F003B35E6 /* FantasyDraftToolApp.swift in Sources */,
				9C1AE39E29807C290016BF50 /* StandardNaming.swift in Sources */,
				9C75B9EB296FD215003B35E6 /* CoreDataExtensions.swift in Sources */,
				9C75B9F0296FD215003B35E6 /* ExtStr.swift in Sources */,
				9C75B9EC296FD215003B35E6 /* ExtDouble.swift in Sources */,
				9C1AE39C29804D4A0016BF50 /* ScoringSettingsView.swift in Sources */,
				9C75B9E9296FD215003B35E6 /* ExtDate.swift in Sources */,
			);
			runOnlyForDeploymentPostprocessing = 0;
		};
/* End PBXSourcesBuildPhase section */

/* Begin XCBuildConfiguration section */
		9C75B9C0296F5910003B35E6 /* Debug */ = {
			isa = XCBuildConfiguration;
			buildSettings = {
				ALWAYS_SEARCH_USER_PATHS = NO;
				CLANG_ANALYZER_NONNULL = YES;
				CLANG_ANALYZER_NUMBER_OBJECT_CONVERSION = YES_AGGRESSIVE;
				CLANG_CXX_LANGUAGE_STANDARD = "gnu++20";
				CLANG_ENABLE_MODULES = YES;
				CLANG_ENABLE_OBJC_ARC = YES;
				CLANG_ENABLE_OBJC_WEAK = YES;
				CLANG_WARN_BLOCK_CAPTURE_AUTORELEASING = YES;
				CLANG_WARN_BOOL_CONVERSION = YES;
				CLANG_WARN_COMMA = YES;
				CLANG_WARN_CONSTANT_CONVERSION = YES;
				CLANG_WARN_DEPRECATED_OBJC_IMPLEMENTATIONS = YES;
				CLANG_WARN_DIRECT_OBJC_ISA_USAGE = YES_ERROR;
				CLANG_WARN_DOCUMENTATION_COMMENTS = YES;
				CLANG_WARN_EMPTY_BODY = YES;
				CLANG_WARN_ENUM_CONVERSION = YES;
				CLANG_WARN_INFINITE_RECURSION = YES;
				CLANG_WARN_INT_CONVERSION = YES;
				CLANG_WARN_NON_LITERAL_NULL_CONVERSION = YES;
				CLANG_WARN_OBJC_IMPLICIT_RETAIN_SELF = YES;
				CLANG_WARN_OBJC_LITERAL_CONVERSION = YES;
				CLANG_WARN_OBJC_ROOT_CLASS = YES_ERROR;
				CLANG_WARN_QUOTED_INCLUDE_IN_FRAMEWORK_HEADER = YES;
				CLANG_WARN_RANGE_LOOP_ANALYSIS = YES;
				CLANG_WARN_STRICT_PROTOTYPES = YES;
				CLANG_WARN_SUSPICIOUS_MOVE = YES;
				CLANG_WARN_UNGUARDED_AVAILABILITY = YES_AGGRESSIVE;
				CLANG_WARN_UNREACHABLE_CODE = YES;
				CLANG_WARN__DUPLICATE_METHOD_MATCH = YES;
				COPY_PHASE_STRIP = NO;
				DEBUG_INFORMATION_FORMAT = dwarf;
				ENABLE_STRICT_OBJC_MSGSEND = YES;
				ENABLE_TESTABILITY = YES;
				GCC_C_LANGUAGE_STANDARD = gnu11;
				GCC_DYNAMIC_NO_PIC = NO;
				GCC_NO_COMMON_BLOCKS = YES;
				GCC_OPTIMIZATION_LEVEL = 0;
				GCC_PREPROCESSOR_DEFINITIONS = (
					"DEBUG=1",
					"$(inherited)",
				);
				GCC_WARN_64_TO_32_BIT_CONVERSION = YES;
				GCC_WARN_ABOUT_RETURN_TYPE = YES_ERROR;
				GCC_WARN_UNDECLARED_SELECTOR = YES;
				GCC_WARN_UNINITIALIZED_AUTOS = YES_AGGRESSIVE;
				GCC_WARN_UNUSED_FUNCTION = YES;
				GCC_WARN_UNUSED_VARIABLE = YES;
				IPHONEOS_DEPLOYMENT_TARGET = 16.2;
				MTL_ENABLE_DEBUG_INFO = INCLUDE_SOURCE;
				MTL_FAST_MATH = YES;
				ONLY_ACTIVE_ARCH = YES;
				SDKROOT = iphoneos;
				SWIFT_ACTIVE_COMPILATION_CONDITIONS = DEBUG;
				SWIFT_OPTIMIZATION_LEVEL = "-Onone";
			};
			name = Debug;
		};
		9C75B9C1296F5910003B35E6 /* Release */ = {
			isa = XCBuildConfiguration;
			buildSettings = {
				ALWAYS_SEARCH_USER_PATHS = NO;
				CLANG_ANALYZER_NONNULL = YES;
				CLANG_ANALYZER_NUMBER_OBJECT_CONVERSION = YES_AGGRESSIVE;
				CLANG_CXX_LANGUAGE_STANDARD = "gnu++20";
				CLANG_ENABLE_MODULES = YES;
				CLANG_ENABLE_OBJC_ARC = YES;
				CLANG_ENABLE_OBJC_WEAK = YES;
				CLANG_WARN_BLOCK_CAPTURE_AUTORELEASING = YES;
				CLANG_WARN_BOOL_CONVERSION = YES;
				CLANG_WARN_COMMA = YES;
				CLANG_WARN_CONSTANT_CONVERSION = YES;
				CLANG_WARN_DEPRECATED_OBJC_IMPLEMENTATIONS = YES;
				CLANG_WARN_DIRECT_OBJC_ISA_USAGE = YES_ERROR;
				CLANG_WARN_DOCUMENTATION_COMMENTS = YES;
				CLANG_WARN_EMPTY_BODY = YES;
				CLANG_WARN_ENUM_CONVERSION = YES;
				CLANG_WARN_INFINITE_RECURSION = YES;
				CLANG_WARN_INT_CONVERSION = YES;
				CLANG_WARN_NON_LITERAL_NULL_CONVERSION = YES;
				CLANG_WARN_OBJC_IMPLICIT_RETAIN_SELF = YES;
				CLANG_WARN_OBJC_LITERAL_CONVERSION = YES;
				CLANG_WARN_OBJC_ROOT_CLASS = YES_ERROR;
				CLANG_WARN_QUOTED_INCLUDE_IN_FRAMEWORK_HEADER = YES;
				CLANG_WARN_RANGE_LOOP_ANALYSIS = YES;
				CLANG_WARN_STRICT_PROTOTYPES = YES;
				CLANG_WARN_SUSPICIOUS_MOVE = YES;
				CLANG_WARN_UNGUARDED_AVAILABILITY = YES_AGGRESSIVE;
				CLANG_WARN_UNREACHABLE_CODE = YES;
				CLANG_WARN__DUPLICATE_METHOD_MATCH = YES;
				COPY_PHASE_STRIP = NO;
				DEBUG_INFORMATION_FORMAT = "dwarf-with-dsym";
				ENABLE_NS_ASSERTIONS = NO;
				ENABLE_STRICT_OBJC_MSGSEND = YES;
				GCC_C_LANGUAGE_STANDARD = gnu11;
				GCC_NO_COMMON_BLOCKS = YES;
				GCC_WARN_64_TO_32_BIT_CONVERSION = YES;
				GCC_WARN_ABOUT_RETURN_TYPE = YES_ERROR;
				GCC_WARN_UNDECLARED_SELECTOR = YES;
				GCC_WARN_UNINITIALIZED_AUTOS = YES_AGGRESSIVE;
				GCC_WARN_UNUSED_FUNCTION = YES;
				GCC_WARN_UNUSED_VARIABLE = YES;
				IPHONEOS_DEPLOYMENT_TARGET = 16.2;
				MTL_ENABLE_DEBUG_INFO = NO;
				MTL_FAST_MATH = YES;
				SDKROOT = iphoneos;
				SWIFT_COMPILATION_MODE = wholemodule;
				SWIFT_OPTIMIZATION_LEVEL = "-O";
				VALIDATE_PRODUCT = YES;
			};
			name = Release;
		};
		9C75B9C3296F5910003B35E6 /* Debug */ = {
			isa = XCBuildConfiguration;
			buildSettings = {
				ASSETCATALOG_COMPILER_APPICON_NAME = AppIcon;
				ASSETCATALOG_COMPILER_GLOBAL_ACCENT_COLOR_NAME = AccentColor;
				CODE_SIGN_STYLE = Automatic;
				CURRENT_PROJECT_VERSION = 1;
				DEVELOPMENT_ASSET_PATHS = "\"FantasyDraftTool/Preview Content\"";
				DEVELOPMENT_TEAM = KR268MWQL4;
				ENABLE_PREVIEWS = YES;
				GENERATE_INFOPLIST_FILE = YES;
				INFOPLIST_KEY_UIApplicationSceneManifest_Generation = YES;
				INFOPLIST_KEY_UIApplicationSupportsIndirectInputEvents = YES;
				INFOPLIST_KEY_UILaunchScreen_Generation = YES;
				INFOPLIST_KEY_UISupportedInterfaceOrientations_iPad = "UIInterfaceOrientationPortrait UIInterfaceOrientationPortraitUpsideDown UIInterfaceOrientationLandscapeLeft UIInterfaceOrientationLandscapeRight";
				INFOPLIST_KEY_UISupportedInterfaceOrientations_iPhone = "UIInterfaceOrientationPortrait UIInterfaceOrientationLandscapeLeft UIInterfaceOrientationLandscapeRight";
				LD_RUNPATH_SEARCH_PATHS = (
					"$(inherited)",
					"@executable_path/Frameworks",
				);
				MARKETING_VERSION = 1.0;
				PRODUCT_BUNDLE_IDENTIFIER = vin.FantasyDraftTool;
				PRODUCT_NAME = "$(TARGET_NAME)";
				SWIFT_EMIT_LOC_STRINGS = YES;
				SWIFT_VERSION = 5.0;
				TARGETED_DEVICE_FAMILY = "1,2";
			};
			name = Debug;
		};
		9C75B9C4296F5910003B35E6 /* Release */ = {
			isa = XCBuildConfiguration;
			buildSettings = {
				ASSETCATALOG_COMPILER_APPICON_NAME = AppIcon;
				ASSETCATALOG_COMPILER_GLOBAL_ACCENT_COLOR_NAME = AccentColor;
				CODE_SIGN_STYLE = Automatic;
				CURRENT_PROJECT_VERSION = 1;
				DEVELOPMENT_ASSET_PATHS = "\"FantasyDraftTool/Preview Content\"";
				DEVELOPMENT_TEAM = KR268MWQL4;
				ENABLE_PREVIEWS = YES;
				GENERATE_INFOPLIST_FILE = YES;
				INFOPLIST_KEY_UIApplicationSceneManifest_Generation = YES;
				INFOPLIST_KEY_UIApplicationSupportsIndirectInputEvents = YES;
				INFOPLIST_KEY_UILaunchScreen_Generation = YES;
				INFOPLIST_KEY_UISupportedInterfaceOrientations_iPad = "UIInterfaceOrientationPortrait UIInterfaceOrientationPortraitUpsideDown UIInterfaceOrientationLandscapeLeft UIInterfaceOrientationLandscapeRight";
				INFOPLIST_KEY_UISupportedInterfaceOrientations_iPhone = "UIInterfaceOrientationPortrait UIInterfaceOrientationLandscapeLeft UIInterfaceOrientationLandscapeRight";
				LD_RUNPATH_SEARCH_PATHS = (
					"$(inherited)",
					"@executable_path/Frameworks",
				);
				MARKETING_VERSION = 1.0;
				PRODUCT_BUNDLE_IDENTIFIER = vin.FantasyDraftTool;
				PRODUCT_NAME = "$(TARGET_NAME)";
				SWIFT_EMIT_LOC_STRINGS = YES;
				SWIFT_VERSION = 5.0;
				TARGETED_DEVICE_FAMILY = "1,2";
			};
			name = Release;
		};
/* End XCBuildConfiguration section */

/* Begin XCConfigurationList section */
		9C75B9AF296F590F003B35E6 /* Build configuration list for PBXProject "FantasyDraftTool" */ = {
			isa = XCConfigurationList;
			buildConfigurations = (
				9C75B9C0296F5910003B35E6 /* Debug */,
				9C75B9C1296F5910003B35E6 /* Release */,
			);
			defaultConfigurationIsVisible = 0;
			defaultConfigurationName = Release;
		};
		9C75B9C2296F5910003B35E6 /* Build configuration list for PBXNativeTarget "FantasyDraftTool" */ = {
			isa = XCConfigurationList;
			buildConfigurations = (
				9C75B9C3296F5910003B35E6 /* Debug */,
				9C75B9C4296F5910003B35E6 /* Release */,
			);
			defaultConfigurationIsVisible = 0;
			defaultConfigurationName = Release;
		};
/* End XCConfigurationList section */
	};
	rootObject = 9C75B9AC296F590F003B35E6 /* Project object */;
}
