// !$*UTF8*$!
{
	archiveVersion = 1;
	classes = {
	};
	objectVersion = 56;
	objects = {

/* Begin PBXBuildFile section */
		9C0C9D122974CC460069703D /* EditDoubleView.swift in Sources */ = {isa = PBXBuildFile; fileRef = 9C0C9D112974CC460069703D /* EditDoubleView.swift */; };
		9C1AE398297FA0A20016BF50 /* ScoringSettings.swift in Sources */ = {isa = PBXBuildFile; fileRef = 9C1AE397297FA0A20016BF50 /* ScoringSettings.swift */; };
		9C1AE39A297FA7DC0016BF50 /* steamerStandard.json in Resources */ = {isa = PBXBuildFile; fileRef = 9C1AE399297FA7DC0016BF50 /* steamerStandard.json */; };
		9C1AE39C29804D4A0016BF50 /* ScoringSettingsView.swift in Sources */ = {isa = PBXBuildFile; fileRef = 9C1AE39B29804D4A0016BF50 /* ScoringSettingsView.swift */; };
		9C1AE39E29807C290016BF50 /* StandardNaming.swift in Sources */ = {isa = PBXBuildFile; fileRef = 9C1AE39D29807C290016BF50 /* StandardNaming.swift */; };
		9C1AE3A42981F29D0016BF50 /* Position.swift in Sources */ = {isa = PBXBuildFile; fileRef = 9C1AE3A32981F29D0016BF50 /* Position.swift */; };
		9C2C8D9F29A94E3400626232 /* NVPicksSection.swift in Sources */ = {isa = PBXBuildFile; fileRef = 9C2C8D9E29A94E3400626232 /* NVPicksSection.swift */; };
		9C2C8DA129A99C0500626232 /* SmallComponents.swift in Sources */ = {isa = PBXBuildFile; fileRef = 9C2C8DA029A99C0500626232 /* SmallComponents.swift */; };
		9C2C8DA329AA81B700626232 /* StatsManager.swift in Sources */ = {isa = PBXBuildFile; fileRef = 9C2C8DA229AA81B700626232 /* StatsManager.swift */; };
		9C2C8DA729AA850B00626232 /* ExtendedPitcher.swift in Sources */ = {isa = PBXBuildFile; fileRef = 9C2C8DA629AA850B00626232 /* ExtendedPitcher.swift */; };
		9C2C8DAD29AA861B00626232 /* ExtendedRelThebatStandard.json in Resources */ = {isa = PBXBuildFile; fileRef = 9C2C8DA929AA861B00626232 /* ExtendedRelThebatStandard.json */; };
		9C2C8DAE29AA861B00626232 /* ExtendedRelAtcStandard.json in Resources */ = {isa = PBXBuildFile; fileRef = 9C2C8DAA29AA861B00626232 /* ExtendedRelAtcStandard.json */; };
		9C2C8DAF29AA861B00626232 /* ExtendedRelFangraphsdcStandard.json in Resources */ = {isa = PBXBuildFile; fileRef = 9C2C8DAB29AA861B00626232 /* ExtendedRelFangraphsdcStandard.json */; };
		9C2C8DB029AA861B00626232 /* ExtendedRelSteamerStandard.json in Resources */ = {isa = PBXBuildFile; fileRef = 9C2C8DAC29AA861B00626232 /* ExtendedRelSteamerStandard.json */; };
		9C33F7DB29838B2E0038A938 /* CBatThebatxStandard.json in Resources */ = {isa = PBXBuildFile; fileRef = 9C33F7BD29838B2D0038A938 /* CBatThebatxStandard.json */; };
		9C33F7DC29838B2E0038A938 /* 3bBatThebatStandard.json in Resources */ = {isa = PBXBuildFile; fileRef = 9C33F7BE29838B2D0038A938 /* 3bBatThebatStandard.json */; };
		9C33F7DD29838B2E0038A938 /* CBatFangraphsdcStandard.json in Resources */ = {isa = PBXBuildFile; fileRef = 9C33F7BF29838B2D0038A938 /* CBatFangraphsdcStandard.json */; };
		9C33F7DE29838B2E0038A938 /* OfBatFangraphsdcStandard.json in Resources */ = {isa = PBXBuildFile; fileRef = 9C33F7C029838B2D0038A938 /* OfBatFangraphsdcStandard.json */; };
		9C33F7DF29838B2E0038A938 /* SsBatThebatxStandard.json in Resources */ = {isa = PBXBuildFile; fileRef = 9C33F7C129838B2D0038A938 /* SsBatThebatxStandard.json */; };
		9C33F7E029838B2E0038A938 /* 3bBatSteamerStandard.json in Resources */ = {isa = PBXBuildFile; fileRef = 9C33F7C229838B2D0038A938 /* 3bBatSteamerStandard.json */; };
		9C33F7E129838B2E0038A938 /* CBatThebatStandard.json in Resources */ = {isa = PBXBuildFile; fileRef = 9C33F7C329838B2D0038A938 /* CBatThebatStandard.json */; };
		9C33F7E229838B2E0038A938 /* 1bBatAtcStandard.json in Resources */ = {isa = PBXBuildFile; fileRef = 9C33F7C429838B2D0038A938 /* 1bBatAtcStandard.json */; };
		9C33F7E329838B2E0038A938 /* 2bBatSteamerStandard.json in Resources */ = {isa = PBXBuildFile; fileRef = 9C33F7C529838B2D0038A938 /* 2bBatSteamerStandard.json */; };
		9C33F7E429838B2E0038A938 /* OfBatSteamerStandard.json in Resources */ = {isa = PBXBuildFile; fileRef = 9C33F7C629838B2D0038A938 /* OfBatSteamerStandard.json */; };
		9C33F7E529838B2E0038A938 /* OfBatAtcStandard.json in Resources */ = {isa = PBXBuildFile; fileRef = 9C33F7C729838B2D0038A938 /* OfBatAtcStandard.json */; };
		9C33F7E629838B2E0038A938 /* 1bBatThebatStandard.json in Resources */ = {isa = PBXBuildFile; fileRef = 9C33F7C829838B2D0038A938 /* 1bBatThebatStandard.json */; };
		9C33F7E729838B2E0038A938 /* 3bBatFangraphsdcStandard.json in Resources */ = {isa = PBXBuildFile; fileRef = 9C33F7C929838B2D0038A938 /* 3bBatFangraphsdcStandard.json */; };
		9C33F7E829838B2E0038A938 /* 2bBatAtcStandard.json in Resources */ = {isa = PBXBuildFile; fileRef = 9C33F7CA29838B2D0038A938 /* 2bBatAtcStandard.json */; };
		9C33F7E929838B2E0038A938 /* 2bBatThebatStandard.json in Resources */ = {isa = PBXBuildFile; fileRef = 9C33F7CB29838B2D0038A938 /* 2bBatThebatStandard.json */; };
		9C33F7EA29838B2E0038A938 /* SsBatThebatStandard.json in Resources */ = {isa = PBXBuildFile; fileRef = 9C33F7CC29838B2D0038A938 /* SsBatThebatStandard.json */; };
		9C33F7EB29838B2E0038A938 /* 1bBatThebatxStandard.json in Resources */ = {isa = PBXBuildFile; fileRef = 9C33F7CD29838B2D0038A938 /* 1bBatThebatxStandard.json */; };
		9C33F7EC29838B2E0038A938 /* CBatAtcStandard.json in Resources */ = {isa = PBXBuildFile; fileRef = 9C33F7CE29838B2D0038A938 /* CBatAtcStandard.json */; };
		9C33F7ED29838B2E0038A938 /* SsBatAtcStandard.json in Resources */ = {isa = PBXBuildFile; fileRef = 9C33F7CF29838B2D0038A938 /* SsBatAtcStandard.json */; };
		9C33F7EE29838B2E0038A938 /* 2bBatFangraphsdcStandard.json in Resources */ = {isa = PBXBuildFile; fileRef = 9C33F7D029838B2D0038A938 /* 2bBatFangraphsdcStandard.json */; };
		9C33F7EF29838B2E0038A938 /* CBatSteamerStandard.json in Resources */ = {isa = PBXBuildFile; fileRef = 9C33F7D129838B2E0038A938 /* CBatSteamerStandard.json */; };
		9C33F7F029838B2E0038A938 /* OfBatThebatStandard.json in Resources */ = {isa = PBXBuildFile; fileRef = 9C33F7D229838B2E0038A938 /* OfBatThebatStandard.json */; };
		9C33F7F129838B2E0038A938 /* 1bBatSteamerStandard.json in Resources */ = {isa = PBXBuildFile; fileRef = 9C33F7D329838B2E0038A938 /* 1bBatSteamerStandard.json */; };
		9C33F7F229838B2E0038A938 /* 3bBatThebatxStandard.json in Resources */ = {isa = PBXBuildFile; fileRef = 9C33F7D429838B2E0038A938 /* 3bBatThebatxStandard.json */; };
		9C33F7F329838B2E0038A938 /* 3bBatAtcStandard.json in Resources */ = {isa = PBXBuildFile; fileRef = 9C33F7D529838B2E0038A938 /* 3bBatAtcStandard.json */; };
		9C33F7F429838B2E0038A938 /* SsBatFangraphsdcStandard.json in Resources */ = {isa = PBXBuildFile; fileRef = 9C33F7D629838B2E0038A938 /* SsBatFangraphsdcStandard.json */; };
		9C33F7F529838B2E0038A938 /* 1bBatFangraphsdcStandard.json in Resources */ = {isa = PBXBuildFile; fileRef = 9C33F7D729838B2E0038A938 /* 1bBatFangraphsdcStandard.json */; };
		9C33F7F629838B2E0038A938 /* 2bBatThebatxStandard.json in Resources */ = {isa = PBXBuildFile; fileRef = 9C33F7D829838B2E0038A938 /* 2bBatThebatxStandard.json */; };
		9C33F7F729838B2E0038A938 /* OfBatThebatxStandard.json in Resources */ = {isa = PBXBuildFile; fileRef = 9C33F7D929838B2E0038A938 /* OfBatThebatxStandard.json */; };
		9C33F7F829838B2E0038A938 /* SsBatSteamerStandard.json in Resources */ = {isa = PBXBuildFile; fileRef = 9C33F7DA29838B2E0038A938 /* SsBatSteamerStandard.json */; };
		9C33F7FA29838BCD0038A938 /* JSONBatter.swift in Sources */ = {isa = PBXBuildFile; fileRef = 9C33F7F929838BCD0038A938 /* JSONBatter.swift */; };
		9C3B7025298B2C3400A1B42C /* PlayerPool.swift in Sources */ = {isa = PBXBuildFile; fileRef = 9C3B7024298B2C3400A1B42C /* PlayerPool.swift */; };
		9C3B702E298B2CE100A1B42C /* MainModel.swift in Sources */ = {isa = PBXBuildFile; fileRef = 9C3B702D298B2CE100A1B42C /* MainModel.swift */; };
		9C73D089299573C4007C251F /* RemainingAnalysisPosition.swift in Sources */ = {isa = PBXBuildFile; fileRef = 9C73D088299573C4007C251F /* RemainingAnalysisPosition.swift */; };
		9C73D08D2995C801007C251F /* SimulateRemainingDraftView.swift in Sources */ = {isa = PBXBuildFile; fileRef = 9C73D08C2995C801007C251F /* SimulateRemainingDraftView.swift */; };
		9C73D0912996DC64007C251F /* ModifyStatsView.swift in Sources */ = {isa = PBXBuildFile; fileRef = 9C73D0902996DC64007C251F /* ModifyStatsView.swift */; };
		9C73D09329970BD8007C251F /* SettingsView.swift in Sources */ = {isa = PBXBuildFile; fileRef = 9C73D09229970BD8007C251F /* SettingsView.swift */; };
		9C75B9B8296F590F003B35E6 /* FantasyDraftToolApp.swift in Sources */ = {isa = PBXBuildFile; fileRef = 9C75B9B7296F590F003B35E6 /* FantasyDraftToolApp.swift */; };
		9C75B9BA296F590F003B35E6 /* OldJSONView.swift in Sources */ = {isa = PBXBuildFile; fileRef = 9C75B9B9296F590F003B35E6 /* OldJSONView.swift */; };
		9C75B9BC296F5910003B35E6 /* Assets.xcassets in Resources */ = {isa = PBXBuildFile; fileRef = 9C75B9BB296F5910003B35E6 /* Assets.xcassets */; };
		9C75B9BF296F5910003B35E6 /* Preview Assets.xcassets in Resources */ = {isa = PBXBuildFile; fileRef = 9C75B9BE296F5910003B35E6 /* Preview Assets.xcassets */; };
		9C75B9C8296F8C7E003B35E6 /* Batter.swift in Sources */ = {isa = PBXBuildFile; fileRef = 9C75B9C7296F8C7E003B35E6 /* Batter.swift */; };
		9C75B9CC296F9386003B35E6 /* steamer.json in Resources */ = {isa = PBXBuildFile; fileRef = 9C75B9CB296F9386003B35E6 /* steamer.json */; };
		9C75B9CE296FD174003B35E6 /* BatterDetailView.swift in Sources */ = {isa = PBXBuildFile; fileRef = 9C75B9CD296FD174003B35E6 /* BatterDetailView.swift */; };
		9C75B9E9296FD215003B35E6 /* ExtDate.swift in Sources */ = {isa = PBXBuildFile; fileRef = 9C75B9E1296FD215003B35E6 /* ExtDate.swift */; };
		9C75B9EA296FD215003B35E6 /* ExtView.swift in Sources */ = {isa = PBXBuildFile; fileRef = 9C75B9E2296FD215003B35E6 /* ExtView.swift */; };
		9C75B9EB296FD215003B35E6 /* CoreDataExtensions.swift in Sources */ = {isa = PBXBuildFile; fileRef = 9C75B9E3296FD215003B35E6 /* CoreDataExtensions.swift */; };
		9C75B9EC296FD215003B35E6 /* ExtDouble.swift in Sources */ = {isa = PBXBuildFile; fileRef = 9C75B9E4296FD215003B35E6 /* ExtDouble.swift */; };
		9C75B9ED296FD215003B35E6 /* ExtInt.swift in Sources */ = {isa = PBXBuildFile; fileRef = 9C75B9E5296FD215003B35E6 /* ExtInt.swift */; };
		9C75B9EE296FD215003B35E6 /* ExtColor.swift in Sources */ = {isa = PBXBuildFile; fileRef = 9C75B9E6296FD215003B35E6 /* ExtColor.swift */; };
		9C75B9EF296FD215003B35E6 /* ExtText.swift in Sources */ = {isa = PBXBuildFile; fileRef = 9C75B9E7296FD215003B35E6 /* ExtText.swift */; };
		9C75B9F0296FD215003B35E6 /* ExtStr.swift in Sources */ = {isa = PBXBuildFile; fileRef = 9C75B9E8296FD215003B35E6 /* ExtStr.swift */; };
		9C762DEC29A1D67700C3B804 /* NVDraftPlayerView.swift in Sources */ = {isa = PBXBuildFile; fileRef = 9C762DEB29A1D67700C3B804 /* NVDraftPlayerView.swift */; };
		9C762DEE29A1FED100C3B804 /* ExtendedBatter.swift in Sources */ = {isa = PBXBuildFile; fileRef = 9C762DED29A1FED100C3B804 /* ExtendedBatter.swift */; };
		9C762E0E29A2039A00C3B804 /* Extended3bBatSteamerStandard.json in Resources */ = {isa = PBXBuildFile; fileRef = 9C762DF029A2039900C3B804 /* Extended3bBatSteamerStandard.json */; };
		9C762E0F29A2039A00C3B804 /* Extended1bBatFangraphsdcStandard.json in Resources */ = {isa = PBXBuildFile; fileRef = 9C762DF129A2039900C3B804 /* Extended1bBatFangraphsdcStandard.json */; };
		9C762E1029A2039A00C3B804 /* ExtendedSsBatThebatxStandard.json in Resources */ = {isa = PBXBuildFile; fileRef = 9C762DF229A2039900C3B804 /* ExtendedSsBatThebatxStandard.json */; };
		9C762E1129A2039A00C3B804 /* Extended2bBatAtcStandard.json in Resources */ = {isa = PBXBuildFile; fileRef = 9C762DF329A2039900C3B804 /* Extended2bBatAtcStandard.json */; };
		9C762E1229A2039A00C3B804 /* Extended2bBatThebatStandard.json in Resources */ = {isa = PBXBuildFile; fileRef = 9C762DF429A2039900C3B804 /* Extended2bBatThebatStandard.json */; };
		9C762E1329A2039A00C3B804 /* Extended2bBatSteamerStandard.json in Resources */ = {isa = PBXBuildFile; fileRef = 9C762DF529A2039900C3B804 /* Extended2bBatSteamerStandard.json */; };
		9C762E1429A2039A00C3B804 /* Extended1bBatAtcStandard.json in Resources */ = {isa = PBXBuildFile; fileRef = 9C762DF629A2039900C3B804 /* Extended1bBatAtcStandard.json */; };
		9C762E1529A2039A00C3B804 /* Extended3bBatThebatxStandard.json in Resources */ = {isa = PBXBuildFile; fileRef = 9C762DF729A2039900C3B804 /* Extended3bBatThebatxStandard.json */; };
		9C762E1629A2039A00C3B804 /* Extended3bBatThebatStandard.json in Resources */ = {isa = PBXBuildFile; fileRef = 9C762DF829A2039900C3B804 /* Extended3bBatThebatStandard.json */; };
		9C762E1729A2039A00C3B804 /* Extended1bBatThebatxStandard.json in Resources */ = {isa = PBXBuildFile; fileRef = 9C762DF929A2039900C3B804 /* Extended1bBatThebatxStandard.json */; };
		9C762E1829A2039A00C3B804 /* ExtendedOfBatSteamerStandard.json in Resources */ = {isa = PBXBuildFile; fileRef = 9C762DFA29A2039900C3B804 /* ExtendedOfBatSteamerStandard.json */; };
		9C762E1929A2039A00C3B804 /* ExtendedCBatThebatStandard.json in Resources */ = {isa = PBXBuildFile; fileRef = 9C762DFB29A2039900C3B804 /* ExtendedCBatThebatStandard.json */; };
		9C762E1A29A2039A00C3B804 /* Extended2bBatThebatxStandard.json in Resources */ = {isa = PBXBuildFile; fileRef = 9C762DFC29A2039A00C3B804 /* Extended2bBatThebatxStandard.json */; };
		9C762E1B29A2039A00C3B804 /* ExtendedOfBatAtcStandard.json in Resources */ = {isa = PBXBuildFile; fileRef = 9C762DFD29A2039A00C3B804 /* ExtendedOfBatAtcStandard.json */; };
		9C762E1C29A2039A00C3B804 /* Extended1bBatThebatStandard.json in Resources */ = {isa = PBXBuildFile; fileRef = 9C762DFE29A2039A00C3B804 /* Extended1bBatThebatStandard.json */; };
		9C762E1D29A2039A00C3B804 /* Extended1bBatSteamerStandard.json in Resources */ = {isa = PBXBuildFile; fileRef = 9C762DFF29A2039A00C3B804 /* Extended1bBatSteamerStandard.json */; };
		9C762E1E29A2039A00C3B804 /* Extended2bBatFangraphsdcStandard.json in Resources */ = {isa = PBXBuildFile; fileRef = 9C762E0029A2039A00C3B804 /* Extended2bBatFangraphsdcStandard.json */; };
		9C762E1F29A2039A00C3B804 /* Extended3bBatFangraphsdcStandard.json in Resources */ = {isa = PBXBuildFile; fileRef = 9C762E0129A2039A00C3B804 /* Extended3bBatFangraphsdcStandard.json */; };
		9C762E2029A2039A00C3B804 /* ExtendedSsBatFangraphsdcStandard.json in Resources */ = {isa = PBXBuildFile; fileRef = 9C762E0229A2039A00C3B804 /* ExtendedSsBatFangraphsdcStandard.json */; };
		9C762E2129A2039A00C3B804 /* ExtendedOfBatThebatxStandard.json in Resources */ = {isa = PBXBuildFile; fileRef = 9C762E0329A2039A00C3B804 /* ExtendedOfBatThebatxStandard.json */; };
		9C762E2229A2039A00C3B804 /* ExtendedCBatSteamerStandard.json in Resources */ = {isa = PBXBuildFile; fileRef = 9C762E0429A2039A00C3B804 /* ExtendedCBatSteamerStandard.json */; };
		9C762E2329A2039A00C3B804 /* ExtendedOfBatThebatStandard.json in Resources */ = {isa = PBXBuildFile; fileRef = 9C762E0529A2039A00C3B804 /* ExtendedOfBatThebatStandard.json */; };
		9C762E2429A2039A00C3B804 /* ExtendedCBatFangraphsdcStandard.json in Resources */ = {isa = PBXBuildFile; fileRef = 9C762E0629A2039A00C3B804 /* ExtendedCBatFangraphsdcStandard.json */; };
		9C762E2529A2039A00C3B804 /* ExtendedOfBatFangraphsdcStandard.json in Resources */ = {isa = PBXBuildFile; fileRef = 9C762E0729A2039A00C3B804 /* ExtendedOfBatFangraphsdcStandard.json */; };
		9C762E2629A2039A00C3B804 /* Extended3bBatAtcStandard.json in Resources */ = {isa = PBXBuildFile; fileRef = 9C762E0829A2039A00C3B804 /* Extended3bBatAtcStandard.json */; };
		9C762E2729A2039A00C3B804 /* ExtendedSsBatAtcStandard.json in Resources */ = {isa = PBXBuildFile; fileRef = 9C762E0929A2039A00C3B804 /* ExtendedSsBatAtcStandard.json */; };
		9C762E2829A2039A00C3B804 /* ExtendedSsBatThebatStandard.json in Resources */ = {isa = PBXBuildFile; fileRef = 9C762E0A29A2039A00C3B804 /* ExtendedSsBatThebatStandard.json */; };
		9C762E2929A2039A00C3B804 /* ExtendedSsBatSteamerStandard.json in Resources */ = {isa = PBXBuildFile; fileRef = 9C762E0B29A2039A00C3B804 /* ExtendedSsBatSteamerStandard.json */; };
		9C762E2A29A2039A00C3B804 /* ExtendedCBatAtcStandard.json in Resources */ = {isa = PBXBuildFile; fileRef = 9C762E0C29A2039A00C3B804 /* ExtendedCBatAtcStandard.json */; };
		9C762E2B29A2039A00C3B804 /* ExtendedCBatThebatxStandard.json in Resources */ = {isa = PBXBuildFile; fileRef = 9C762E0D29A2039A00C3B804 /* ExtendedCBatThebatxStandard.json */; };
		9C762E2E29A2133200C3B804 /* NVDraftSummary.swift in Sources */ = {isa = PBXBuildFile; fileRef = 9C762E2D29A2133200C3B804 /* NVDraftSummary.swift */; };
		9C7CC795299DD4D800A95170 /* NVDraftPlayerDetail.swift in Sources */ = {isa = PBXBuildFile; fileRef = 9C7CC794299DD4D800A95170 /* NVDraftPlayerDetail.swift */; };
		9C82187429A6E03F007DA5D2 /* NVDownloadBatters.swift in Sources */ = {isa = PBXBuildFile; fileRef = 9C82187329A6E03F007DA5D2 /* NVDownloadBatters.swift */; };
		9C82187629A6E234007DA5D2 /* GoogleService-Info.plist in Resources */ = {isa = PBXBuildFile; fileRef = 9C82187529A6E234007DA5D2 /* GoogleService-Info.plist */; };
		9C82187929A6E34F007DA5D2 /* FirebaseAuth in Frameworks */ = {isa = PBXBuildFile; productRef = 9C82187829A6E34F007DA5D2 /* FirebaseAuth */; };
		9C82187B29A6E34F007DA5D2 /* FirebaseDatabase in Frameworks */ = {isa = PBXBuildFile; productRef = 9C82187A29A6E34F007DA5D2 /* FirebaseDatabase */; };
		9C82187D29A6E34F007DA5D2 /* FirebaseDatabaseSwift in Frameworks */ = {isa = PBXBuildFile; productRef = 9C82187C29A6E34F007DA5D2 /* FirebaseDatabaseSwift */; };
		9C82187F29A6E34F007DA5D2 /* FirebaseFirestore in Frameworks */ = {isa = PBXBuildFile; productRef = 9C82187E29A6E34F007DA5D2 /* FirebaseFirestore */; };
		9C82188129A6E34F007DA5D2 /* FirebaseFirestoreSwift in Frameworks */ = {isa = PBXBuildFile; productRef = 9C82188029A6E34F007DA5D2 /* FirebaseFirestoreSwift */; };
		9C8643A829A1BB8300067B1A /* NVMyTeamQuickView.swift in Sources */ = {isa = PBXBuildFile; fileRef = 9C8643A729A1BB8300067B1A /* NVMyTeamQuickView.swift */; };
		9CA24CA62983915400A394B4 /* AllBattersListView.swift in Sources */ = {isa = PBXBuildFile; fileRef = 9CA24CA52983915400A394B4 /* AllBattersListView.swift */; };
		9CA24CA8298394EB00A394B4 /* ParsedBatter.swift in Sources */ = {isa = PBXBuildFile; fileRef = 9CA24CA7298394EB00A394B4 /* ParsedBatter.swift */; };
		9CA24CAA2983A43500A394B4 /* ParsedBatterDetailView.swift in Sources */ = {isa = PBXBuildFile; fileRef = 9CA24CA92983A43500A394B4 /* ParsedBatterDetailView.swift */; };
		9CA24CAC29850FE000A394B4 /* ContentView.swift in Sources */ = {isa = PBXBuildFile; fileRef = 9CA24CAB29850FE000A394B4 /* ContentView.swift */; };
		9CA24CAE2985181A00A394B4 /* ExtArray.swift in Sources */ = {isa = PBXBuildFile; fileRef = 9CA24CAD2985181A00A394B4 /* ExtArray.swift */; };
		9CA24CB2298519E100A394B4 /* ProjectionTypes.swift in Sources */ = {isa = PBXBuildFile; fileRef = 9CA24CB1298519E100A394B4 /* ProjectionTypes.swift */; };
		9CA24CB429851A0800A394B4 /* All Batters.swift in Sources */ = {isa = PBXBuildFile; fileRef = 9CA24CB329851A0800A394B4 /* All Batters.swift */; };
		9CA24CB629851A5300A394B4 /* Projection.swift in Sources */ = {isa = PBXBuildFile; fileRef = 9CA24CB529851A5300A394B4 /* Projection.swift */; };
		9CA24CB829851A7600A394B4 /* AverageStats.swift in Sources */ = {isa = PBXBuildFile; fileRef = 9CA24CB729851A7600A394B4 /* AverageStats.swift */; };
		9CA24CBA29851A9900A394B4 /* AllParsedBatters.swift in Sources */ = {isa = PBXBuildFile; fileRef = 9CA24CB929851A9900A394B4 /* AllParsedBatters.swift */; };
		9CA24CBD29851C2C00A394B4 /* DraftView.swift in Sources */ = {isa = PBXBuildFile; fileRef = 9CA24CBC29851C2C00A394B4 /* DraftView.swift */; };
		9CA24CC42985B7F100A394B4 /* DraftPlayer.swift in Sources */ = {isa = PBXBuildFile; fileRef = 9CA24CC32985B7F100A394B4 /* DraftPlayer.swift */; };
		9CA24CC62985B83200A394B4 /* Draft.swift in Sources */ = {isa = PBXBuildFile; fileRef = 9CA24CC52985B83200A394B4 /* Draft.swift */; };
		9CA24CC82985B83800A394B4 /* DraftTeam.swift in Sources */ = {isa = PBXBuildFile; fileRef = 9CA24CC72985B83800A394B4 /* DraftTeam.swift */; };
		9CA24CCB2985B8F500A394B4 /* DraftSettings.swift in Sources */ = {isa = PBXBuildFile; fileRef = 9CA24CCA2985B8F500A394B4 /* DraftSettings.swift */; };
		9CA24CCE2985B9F700A394B4 /* SetupDraftView.swift in Sources */ = {isa = PBXBuildFile; fileRef = 9CA24CCD2985B9F700A394B4 /* SetupDraftView.swift */; };
		9CA24CD32985BD2200A394B4 /* SetUpDraftTeamsView.swift in Sources */ = {isa = PBXBuildFile; fileRef = 9CA24CD22985BD2200A394B4 /* SetUpDraftTeamsView.swift */; };
		9CA24CD729865F5D00A394B4 /* DraftSummaryView.swift in Sources */ = {isa = PBXBuildFile; fileRef = 9CA24CD629865F5D00A394B4 /* DraftSummaryView.swift */; };
		9CA24CD929889B1400A394B4 /* SelectPositionsHScroll.swift in Sources */ = {isa = PBXBuildFile; fileRef = 9CA24CD829889B1400A394B4 /* SelectPositionsHScroll.swift */; };
		9CA24CDC2988F4FB00A394B4 /* PositionAnalysisView.swift in Sources */ = {isa = PBXBuildFile; fileRef = 9CA24CDB2988F4FB00A394B4 /* PositionAnalysisView.swift */; };
		9CA24CE02988F57600A394B4 /* SelectProjectionTypeHScroll.swift in Sources */ = {isa = PBXBuildFile; fileRef = 9CA24CDF2988F57600A394B4 /* SelectProjectionTypeHScroll.swift */; };
		9CA24CE32988FB4700A394B4 /* SelectSinglePositionTypeHScroll.swift in Sources */ = {isa = PBXBuildFile; fileRef = 9CA24CE22988FB4700A394B4 /* SelectSinglePositionTypeHScroll.swift */; };
		9CA24CE62989E81400A394B4 /* Stack.swift in Sources */ = {isa = PBXBuildFile; fileRef = 9CA24CE52989E81400A394B4 /* Stack.swift */; };
		9CB997C829A32D79008CAFAF /* LoadingDraft.swift in Sources */ = {isa = PBXBuildFile; fileRef = 9CB997C729A32D79008CAFAF /* LoadingDraft.swift */; };
		9CC80284298C7524005B438D /* UserDefaults.swift in Sources */ = {isa = PBXBuildFile; fileRef = 9CC80283298C7524005B438D /* UserDefaults.swift */; };
		9CC80286298CCD83005B438D /* MyStatsPlayers.swift in Sources */ = {isa = PBXBuildFile; fileRef = 9CC80285298CCD83005B438D /* MyStatsPlayers.swift */; };
		9CC80288298D86CF005B438D /* StrongestAtEachPositionView.swift in Sources */ = {isa = PBXBuildFile; fileRef = 9CC80287298D86CF005B438D /* StrongestAtEachPositionView.swift */; };
		9CC8028B298E3785005B438D /* BestPick.swift in Sources */ = {isa = PBXBuildFile; fileRef = 9CC8028A298E3785005B438D /* BestPick.swift */; };
		9CC8028D298E47EC005B438D /* RecommendedPlayerView.swift in Sources */ = {isa = PBXBuildFile; fileRef = 9CC8028C298E47EC005B438D /* RecommendedPlayerView.swift */; };
		9CCF1B3B29A635F900A64C77 /* NVSettings.swift in Sources */ = {isa = PBXBuildFile; fileRef = 9CCF1B3A29A635F900A64C77 /* NVSettings.swift */; };
		9CE9F4F4299B723B0015886D /* CreateModifiedPlayerView.swift in Sources */ = {isa = PBXBuildFile; fileRef = 9CE9F4F3299B723B0015886D /* CreateModifiedPlayerView.swift */; };
		9CE9F4F7299C4F420015886D /* NVAllPlayers.swift in Sources */ = {isa = PBXBuildFile; fileRef = 9CE9F4F6299C4F420015886D /* NVAllPlayers.swift */; };
		9CE9F4FA299C502B0015886D /* NVDropDownProjection.swift in Sources */ = {isa = PBXBuildFile; fileRef = 9CE9F4F9299C502B0015886D /* NVDropDownProjection.swift */; };
		9CE9F4FC299C54BC0015886D /* NVDropDownPosition.swift in Sources */ = {isa = PBXBuildFile; fileRef = 9CE9F4FB299C54BC0015886D /* NVDropDownPosition.swift */; };
		9CE9F4FF299C56440015886D /* NVAllPlayersRow.swift in Sources */ = {isa = PBXBuildFile; fileRef = 9CE9F4FE299C56440015886D /* NVAllPlayersRow.swift */; };
		9CE9F501299C5A4A0015886D /* NVSortByDropDown.swift in Sources */ = {isa = PBXBuildFile; fileRef = 9CE9F500299C5A4A0015886D /* NVSortByDropDown.swift */; };
		9CE9F503299C5D700015886D /* NVPlayerDetail.swift in Sources */ = {isa = PBXBuildFile; fileRef = 9CE9F502299C5D700015886D /* NVPlayerDetail.swift */; };
		9CE9F506299C88320015886D /* RectPieChart.swift in Sources */ = {isa = PBXBuildFile; fileRef = 9CE9F505299C88320015886D /* RectPieChart.swift */; };
		9CE9F50E299C9ED80015886D /* NVDraft.swift in Sources */ = {isa = PBXBuildFile; fileRef = 9CE9F50D299C9ED80015886D /* NVDraft.swift */; };
		9CE9F511299C9F400015886D /* NVPreviousPickRect.swift in Sources */ = {isa = PBXBuildFile; fileRef = 9CE9F510299C9F400015886D /* NVPreviousPickRect.swift */; };
		9CE9F513299CA5C00015886D /* NVCurrentPickRect.swift in Sources */ = {isa = PBXBuildFile; fileRef = 9CE9F512299CA5C00015886D /* NVCurrentPickRect.swift */; };
/* End PBXBuildFile section */

/* Begin PBXFileReference section */
		9C0C9D112974CC460069703D /* EditDoubleView.swift */ = {isa = PBXFileReference; lastKnownFileType = sourcecode.swift; path = EditDoubleView.swift; sourceTree = "<group>"; };
		9C1AE397297FA0A20016BF50 /* ScoringSettings.swift */ = {isa = PBXFileReference; lastKnownFileType = sourcecode.swift; path = ScoringSettings.swift; sourceTree = "<group>"; };
		9C1AE399297FA7DC0016BF50 /* steamerStandard.json */ = {isa = PBXFileReference; fileEncoding = 4; lastKnownFileType = text.json; path = steamerStandard.json; sourceTree = "<group>"; };
		9C1AE39B29804D4A0016BF50 /* ScoringSettingsView.swift */ = {isa = PBXFileReference; lastKnownFileType = sourcecode.swift; path = ScoringSettingsView.swift; sourceTree = "<group>"; };
		9C1AE39D29807C290016BF50 /* StandardNaming.swift */ = {isa = PBXFileReference; lastKnownFileType = sourcecode.swift; path = StandardNaming.swift; sourceTree = "<group>"; };
		9C1AE3A32981F29D0016BF50 /* Position.swift */ = {isa = PBXFileReference; lastKnownFileType = sourcecode.swift; path = Position.swift; sourceTree = "<group>"; };
		9C2C8D9E29A94E3400626232 /* NVPicksSection.swift */ = {isa = PBXFileReference; lastKnownFileType = sourcecode.swift; path = NVPicksSection.swift; sourceTree = "<group>"; };
		9C2C8DA029A99C0500626232 /* SmallComponents.swift */ = {isa = PBXFileReference; lastKnownFileType = sourcecode.swift; path = SmallComponents.swift; sourceTree = "<group>"; };
		9C2C8DA229AA81B700626232 /* StatsManager.swift */ = {isa = PBXFileReference; lastKnownFileType = sourcecode.swift; path = StatsManager.swift; sourceTree = "<group>"; };
		9C2C8DA629AA850B00626232 /* ExtendedPitcher.swift */ = {isa = PBXFileReference; lastKnownFileType = sourcecode.swift; path = ExtendedPitcher.swift; sourceTree = "<group>"; };
		9C2C8DA929AA861B00626232 /* ExtendedRelThebatStandard.json */ = {isa = PBXFileReference; fileEncoding = 4; lastKnownFileType = text.json; path = ExtendedRelThebatStandard.json; sourceTree = "<group>"; };
		9C2C8DAA29AA861B00626232 /* ExtendedRelAtcStandard.json */ = {isa = PBXFileReference; fileEncoding = 4; lastKnownFileType = text.json; path = ExtendedRelAtcStandard.json; sourceTree = "<group>"; };
		9C2C8DAB29AA861B00626232 /* ExtendedRelFangraphsdcStandard.json */ = {isa = PBXFileReference; fileEncoding = 4; lastKnownFileType = text.json; path = ExtendedRelFangraphsdcStandard.json; sourceTree = "<group>"; };
		9C2C8DAC29AA861B00626232 /* ExtendedRelSteamerStandard.json */ = {isa = PBXFileReference; fileEncoding = 4; lastKnownFileType = text.json; path = ExtendedRelSteamerStandard.json; sourceTree = "<group>"; };
		9C33F7BD29838B2D0038A938 /* CBatThebatxStandard.json */ = {isa = PBXFileReference; fileEncoding = 4; lastKnownFileType = text.json; path = CBatThebatxStandard.json; sourceTree = "<group>"; };
		9C33F7BE29838B2D0038A938 /* 3bBatThebatStandard.json */ = {isa = PBXFileReference; fileEncoding = 4; lastKnownFileType = text.json; path = 3bBatThebatStandard.json; sourceTree = "<group>"; };
		9C33F7BF29838B2D0038A938 /* CBatFangraphsdcStandard.json */ = {isa = PBXFileReference; fileEncoding = 4; lastKnownFileType = text.json; path = CBatFangraphsdcStandard.json; sourceTree = "<group>"; };
		9C33F7C029838B2D0038A938 /* OfBatFangraphsdcStandard.json */ = {isa = PBXFileReference; fileEncoding = 4; lastKnownFileType = text.json; path = OfBatFangraphsdcStandard.json; sourceTree = "<group>"; };
		9C33F7C129838B2D0038A938 /* SsBatThebatxStandard.json */ = {isa = PBXFileReference; fileEncoding = 4; lastKnownFileType = text.json; path = SsBatThebatxStandard.json; sourceTree = "<group>"; };
		9C33F7C229838B2D0038A938 /* 3bBatSteamerStandard.json */ = {isa = PBXFileReference; fileEncoding = 4; lastKnownFileType = text.json; path = 3bBatSteamerStandard.json; sourceTree = "<group>"; };
		9C33F7C329838B2D0038A938 /* CBatThebatStandard.json */ = {isa = PBXFileReference; fileEncoding = 4; lastKnownFileType = text.json; path = CBatThebatStandard.json; sourceTree = "<group>"; };
		9C33F7C429838B2D0038A938 /* 1bBatAtcStandard.json */ = {isa = PBXFileReference; fileEncoding = 4; lastKnownFileType = text.json; path = 1bBatAtcStandard.json; sourceTree = "<group>"; };
		9C33F7C529838B2D0038A938 /* 2bBatSteamerStandard.json */ = {isa = PBXFileReference; fileEncoding = 4; lastKnownFileType = text.json; path = 2bBatSteamerStandard.json; sourceTree = "<group>"; };
		9C33F7C629838B2D0038A938 /* OfBatSteamerStandard.json */ = {isa = PBXFileReference; fileEncoding = 4; lastKnownFileType = text.json; path = OfBatSteamerStandard.json; sourceTree = "<group>"; };
		9C33F7C729838B2D0038A938 /* OfBatAtcStandard.json */ = {isa = PBXFileReference; fileEncoding = 4; lastKnownFileType = text.json; path = OfBatAtcStandard.json; sourceTree = "<group>"; };
		9C33F7C829838B2D0038A938 /* 1bBatThebatStandard.json */ = {isa = PBXFileReference; fileEncoding = 4; lastKnownFileType = text.json; path = 1bBatThebatStandard.json; sourceTree = "<group>"; };
		9C33F7C929838B2D0038A938 /* 3bBatFangraphsdcStandard.json */ = {isa = PBXFileReference; fileEncoding = 4; lastKnownFileType = text.json; path = 3bBatFangraphsdcStandard.json; sourceTree = "<group>"; };
		9C33F7CA29838B2D0038A938 /* 2bBatAtcStandard.json */ = {isa = PBXFileReference; fileEncoding = 4; lastKnownFileType = text.json; path = 2bBatAtcStandard.json; sourceTree = "<group>"; };
		9C33F7CB29838B2D0038A938 /* 2bBatThebatStandard.json */ = {isa = PBXFileReference; fileEncoding = 4; lastKnownFileType = text.json; path = 2bBatThebatStandard.json; sourceTree = "<group>"; };
		9C33F7CC29838B2D0038A938 /* SsBatThebatStandard.json */ = {isa = PBXFileReference; fileEncoding = 4; lastKnownFileType = text.json; path = SsBatThebatStandard.json; sourceTree = "<group>"; };
		9C33F7CD29838B2D0038A938 /* 1bBatThebatxStandard.json */ = {isa = PBXFileReference; fileEncoding = 4; lastKnownFileType = text.json; path = 1bBatThebatxStandard.json; sourceTree = "<group>"; };
		9C33F7CE29838B2D0038A938 /* CBatAtcStandard.json */ = {isa = PBXFileReference; fileEncoding = 4; lastKnownFileType = text.json; path = CBatAtcStandard.json; sourceTree = "<group>"; };
		9C33F7CF29838B2D0038A938 /* SsBatAtcStandard.json */ = {isa = PBXFileReference; fileEncoding = 4; lastKnownFileType = text.json; path = SsBatAtcStandard.json; sourceTree = "<group>"; };
		9C33F7D029838B2D0038A938 /* 2bBatFangraphsdcStandard.json */ = {isa = PBXFileReference; fileEncoding = 4; lastKnownFileType = text.json; path = 2bBatFangraphsdcStandard.json; sourceTree = "<group>"; };
		9C33F7D129838B2E0038A938 /* CBatSteamerStandard.json */ = {isa = PBXFileReference; fileEncoding = 4; lastKnownFileType = text.json; path = CBatSteamerStandard.json; sourceTree = "<group>"; };
		9C33F7D229838B2E0038A938 /* OfBatThebatStandard.json */ = {isa = PBXFileReference; fileEncoding = 4; lastKnownFileType = text.json; path = OfBatThebatStandard.json; sourceTree = "<group>"; };
		9C33F7D329838B2E0038A938 /* 1bBatSteamerStandard.json */ = {isa = PBXFileReference; fileEncoding = 4; lastKnownFileType = text.json; path = 1bBatSteamerStandard.json; sourceTree = "<group>"; };
		9C33F7D429838B2E0038A938 /* 3bBatThebatxStandard.json */ = {isa = PBXFileReference; fileEncoding = 4; lastKnownFileType = text.json; path = 3bBatThebatxStandard.json; sourceTree = "<group>"; };
		9C33F7D529838B2E0038A938 /* 3bBatAtcStandard.json */ = {isa = PBXFileReference; fileEncoding = 4; lastKnownFileType = text.json; path = 3bBatAtcStandard.json; sourceTree = "<group>"; };
		9C33F7D629838B2E0038A938 /* SsBatFangraphsdcStandard.json */ = {isa = PBXFileReference; fileEncoding = 4; lastKnownFileType = text.json; path = SsBatFangraphsdcStandard.json; sourceTree = "<group>"; };
		9C33F7D729838B2E0038A938 /* 1bBatFangraphsdcStandard.json */ = {isa = PBXFileReference; fileEncoding = 4; lastKnownFileType = text.json; path = 1bBatFangraphsdcStandard.json; sourceTree = "<group>"; };
		9C33F7D829838B2E0038A938 /* 2bBatThebatxStandard.json */ = {isa = PBXFileReference; fileEncoding = 4; lastKnownFileType = text.json; path = 2bBatThebatxStandard.json; sourceTree = "<group>"; };
		9C33F7D929838B2E0038A938 /* OfBatThebatxStandard.json */ = {isa = PBXFileReference; fileEncoding = 4; lastKnownFileType = text.json; path = OfBatThebatxStandard.json; sourceTree = "<group>"; };
		9C33F7DA29838B2E0038A938 /* SsBatSteamerStandard.json */ = {isa = PBXFileReference; fileEncoding = 4; lastKnownFileType = text.json; path = SsBatSteamerStandard.json; sourceTree = "<group>"; };
		9C33F7F929838BCD0038A938 /* JSONBatter.swift */ = {isa = PBXFileReference; lastKnownFileType = sourcecode.swift; path = JSONBatter.swift; sourceTree = "<group>"; };
		9C3B7024298B2C3400A1B42C /* PlayerPool.swift */ = {isa = PBXFileReference; lastKnownFileType = sourcecode.swift; path = PlayerPool.swift; sourceTree = "<group>"; };
		9C3B702D298B2CE100A1B42C /* MainModel.swift */ = {isa = PBXFileReference; lastKnownFileType = sourcecode.swift; path = MainModel.swift; sourceTree = "<group>"; };
		9C73D088299573C4007C251F /* RemainingAnalysisPosition.swift */ = {isa = PBXFileReference; lastKnownFileType = sourcecode.swift; path = RemainingAnalysisPosition.swift; sourceTree = "<group>"; };
		9C73D08C2995C801007C251F /* SimulateRemainingDraftView.swift */ = {isa = PBXFileReference; lastKnownFileType = sourcecode.swift; path = SimulateRemainingDraftView.swift; sourceTree = "<group>"; };
		9C73D0902996DC64007C251F /* ModifyStatsView.swift */ = {isa = PBXFileReference; lastKnownFileType = sourcecode.swift; path = ModifyStatsView.swift; sourceTree = "<group>"; };
		9C73D09229970BD8007C251F /* SettingsView.swift */ = {isa = PBXFileReference; lastKnownFileType = sourcecode.swift; path = SettingsView.swift; sourceTree = "<group>"; };
		9C75B9B4296F590F003B35E6 /* FantasyDraftTool.app */ = {isa = PBXFileReference; explicitFileType = wrapper.application; includeInIndex = 0; path = FantasyDraftTool.app; sourceTree = BUILT_PRODUCTS_DIR; };
		9C75B9B7296F590F003B35E6 /* FantasyDraftToolApp.swift */ = {isa = PBXFileReference; lastKnownFileType = sourcecode.swift; path = FantasyDraftToolApp.swift; sourceTree = "<group>"; };
		9C75B9B9296F590F003B35E6 /* OldJSONView.swift */ = {isa = PBXFileReference; lastKnownFileType = sourcecode.swift; path = OldJSONView.swift; sourceTree = "<group>"; };
		9C75B9BB296F5910003B35E6 /* Assets.xcassets */ = {isa = PBXFileReference; lastKnownFileType = folder.assetcatalog; path = Assets.xcassets; sourceTree = "<group>"; };
		9C75B9BE296F5910003B35E6 /* Preview Assets.xcassets */ = {isa = PBXFileReference; lastKnownFileType = folder.assetcatalog; path = "Preview Assets.xcassets"; sourceTree = "<group>"; };
		9C75B9C7296F8C7E003B35E6 /* Batter.swift */ = {isa = PBXFileReference; lastKnownFileType = sourcecode.swift; path = Batter.swift; sourceTree = "<group>"; };
		9C75B9CB296F9386003B35E6 /* steamer.json */ = {isa = PBXFileReference; fileEncoding = 4; lastKnownFileType = text.json; path = steamer.json; sourceTree = "<group>"; };
		9C75B9CD296FD174003B35E6 /* BatterDetailView.swift */ = {isa = PBXFileReference; lastKnownFileType = sourcecode.swift; path = BatterDetailView.swift; sourceTree = "<group>"; };
		9C75B9E1296FD215003B35E6 /* ExtDate.swift */ = {isa = PBXFileReference; fileEncoding = 4; lastKnownFileType = sourcecode.swift; path = ExtDate.swift; sourceTree = "<group>"; };
		9C75B9E2296FD215003B35E6 /* ExtView.swift */ = {isa = PBXFileReference; fileEncoding = 4; lastKnownFileType = sourcecode.swift; path = ExtView.swift; sourceTree = "<group>"; };
		9C75B9E3296FD215003B35E6 /* CoreDataExtensions.swift */ = {isa = PBXFileReference; fileEncoding = 4; lastKnownFileType = sourcecode.swift; path = CoreDataExtensions.swift; sourceTree = "<group>"; };
		9C75B9E4296FD215003B35E6 /* ExtDouble.swift */ = {isa = PBXFileReference; fileEncoding = 4; lastKnownFileType = sourcecode.swift; path = ExtDouble.swift; sourceTree = "<group>"; };
		9C75B9E5296FD215003B35E6 /* ExtInt.swift */ = {isa = PBXFileReference; fileEncoding = 4; lastKnownFileType = sourcecode.swift; path = ExtInt.swift; sourceTree = "<group>"; };
		9C75B9E6296FD215003B35E6 /* ExtColor.swift */ = {isa = PBXFileReference; fileEncoding = 4; lastKnownFileType = sourcecode.swift; path = ExtColor.swift; sourceTree = "<group>"; };
		9C75B9E7296FD215003B35E6 /* ExtText.swift */ = {isa = PBXFileReference; fileEncoding = 4; lastKnownFileType = sourcecode.swift; path = ExtText.swift; sourceTree = "<group>"; };
		9C75B9E8296FD215003B35E6 /* ExtStr.swift */ = {isa = PBXFileReference; fileEncoding = 4; lastKnownFileType = sourcecode.swift; path = ExtStr.swift; sourceTree = "<group>"; };
		9C762DEB29A1D67700C3B804 /* NVDraftPlayerView.swift */ = {isa = PBXFileReference; lastKnownFileType = sourcecode.swift; path = NVDraftPlayerView.swift; sourceTree = "<group>"; };
		9C762DED29A1FED100C3B804 /* ExtendedBatter.swift */ = {isa = PBXFileReference; lastKnownFileType = sourcecode.swift; path = ExtendedBatter.swift; sourceTree = "<group>"; };
		9C762DF029A2039900C3B804 /* Extended3bBatSteamerStandard.json */ = {isa = PBXFileReference; fileEncoding = 4; lastKnownFileType = text.json; path = Extended3bBatSteamerStandard.json; sourceTree = "<group>"; };
		9C762DF129A2039900C3B804 /* Extended1bBatFangraphsdcStandard.json */ = {isa = PBXFileReference; fileEncoding = 4; lastKnownFileType = text.json; path = Extended1bBatFangraphsdcStandard.json; sourceTree = "<group>"; };
		9C762DF229A2039900C3B804 /* ExtendedSsBatThebatxStandard.json */ = {isa = PBXFileReference; fileEncoding = 4; lastKnownFileType = text.json; path = ExtendedSsBatThebatxStandard.json; sourceTree = "<group>"; };
		9C762DF329A2039900C3B804 /* Extended2bBatAtcStandard.json */ = {isa = PBXFileReference; fileEncoding = 4; lastKnownFileType = text.json; path = Extended2bBatAtcStandard.json; sourceTree = "<group>"; };
		9C762DF429A2039900C3B804 /* Extended2bBatThebatStandard.json */ = {isa = PBXFileReference; fileEncoding = 4; lastKnownFileType = text.json; path = Extended2bBatThebatStandard.json; sourceTree = "<group>"; };
		9C762DF529A2039900C3B804 /* Extended2bBatSteamerStandard.json */ = {isa = PBXFileReference; fileEncoding = 4; lastKnownFileType = text.json; path = Extended2bBatSteamerStandard.json; sourceTree = "<group>"; };
		9C762DF629A2039900C3B804 /* Extended1bBatAtcStandard.json */ = {isa = PBXFileReference; fileEncoding = 4; lastKnownFileType = text.json; path = Extended1bBatAtcStandard.json; sourceTree = "<group>"; };
		9C762DF729A2039900C3B804 /* Extended3bBatThebatxStandard.json */ = {isa = PBXFileReference; fileEncoding = 4; lastKnownFileType = text.json; path = Extended3bBatThebatxStandard.json; sourceTree = "<group>"; };
		9C762DF829A2039900C3B804 /* Extended3bBatThebatStandard.json */ = {isa = PBXFileReference; fileEncoding = 4; lastKnownFileType = text.json; path = Extended3bBatThebatStandard.json; sourceTree = "<group>"; };
		9C762DF929A2039900C3B804 /* Extended1bBatThebatxStandard.json */ = {isa = PBXFileReference; fileEncoding = 4; lastKnownFileType = text.json; path = Extended1bBatThebatxStandard.json; sourceTree = "<group>"; };
		9C762DFA29A2039900C3B804 /* ExtendedOfBatSteamerStandard.json */ = {isa = PBXFileReference; fileEncoding = 4; lastKnownFileType = text.json; path = ExtendedOfBatSteamerStandard.json; sourceTree = "<group>"; };
		9C762DFB29A2039900C3B804 /* ExtendedCBatThebatStandard.json */ = {isa = PBXFileReference; fileEncoding = 4; lastKnownFileType = text.json; path = ExtendedCBatThebatStandard.json; sourceTree = "<group>"; };
		9C762DFC29A2039A00C3B804 /* Extended2bBatThebatxStandard.json */ = {isa = PBXFileReference; fileEncoding = 4; lastKnownFileType = text.json; path = Extended2bBatThebatxStandard.json; sourceTree = "<group>"; };
		9C762DFD29A2039A00C3B804 /* ExtendedOfBatAtcStandard.json */ = {isa = PBXFileReference; fileEncoding = 4; lastKnownFileType = text.json; path = ExtendedOfBatAtcStandard.json; sourceTree = "<group>"; };
		9C762DFE29A2039A00C3B804 /* Extended1bBatThebatStandard.json */ = {isa = PBXFileReference; fileEncoding = 4; lastKnownFileType = text.json; path = Extended1bBatThebatStandard.json; sourceTree = "<group>"; };
		9C762DFF29A2039A00C3B804 /* Extended1bBatSteamerStandard.json */ = {isa = PBXFileReference; fileEncoding = 4; lastKnownFileType = text.json; path = Extended1bBatSteamerStandard.json; sourceTree = "<group>"; };
		9C762E0029A2039A00C3B804 /* Extended2bBatFangraphsdcStandard.json */ = {isa = PBXFileReference; fileEncoding = 4; lastKnownFileType = text.json; path = Extended2bBatFangraphsdcStandard.json; sourceTree = "<group>"; };
		9C762E0129A2039A00C3B804 /* Extended3bBatFangraphsdcStandard.json */ = {isa = PBXFileReference; fileEncoding = 4; lastKnownFileType = text.json; path = Extended3bBatFangraphsdcStandard.json; sourceTree = "<group>"; };
		9C762E0229A2039A00C3B804 /* ExtendedSsBatFangraphsdcStandard.json */ = {isa = PBXFileReference; fileEncoding = 4; lastKnownFileType = text.json; path = ExtendedSsBatFangraphsdcStandard.json; sourceTree = "<group>"; };
		9C762E0329A2039A00C3B804 /* ExtendedOfBatThebatxStandard.json */ = {isa = PBXFileReference; fileEncoding = 4; lastKnownFileType = text.json; path = ExtendedOfBatThebatxStandard.json; sourceTree = "<group>"; };
		9C762E0429A2039A00C3B804 /* ExtendedCBatSteamerStandard.json */ = {isa = PBXFileReference; fileEncoding = 4; lastKnownFileType = text.json; path = ExtendedCBatSteamerStandard.json; sourceTree = "<group>"; };
		9C762E0529A2039A00C3B804 /* ExtendedOfBatThebatStandard.json */ = {isa = PBXFileReference; fileEncoding = 4; lastKnownFileType = text.json; path = ExtendedOfBatThebatStandard.json; sourceTree = "<group>"; };
		9C762E0629A2039A00C3B804 /* ExtendedCBatFangraphsdcStandard.json */ = {isa = PBXFileReference; fileEncoding = 4; lastKnownFileType = text.json; path = ExtendedCBatFangraphsdcStandard.json; sourceTree = "<group>"; };
		9C762E0729A2039A00C3B804 /* ExtendedOfBatFangraphsdcStandard.json */ = {isa = PBXFileReference; fileEncoding = 4; lastKnownFileType = text.json; path = ExtendedOfBatFangraphsdcStandard.json; sourceTree = "<group>"; };
		9C762E0829A2039A00C3B804 /* Extended3bBatAtcStandard.json */ = {isa = PBXFileReference; fileEncoding = 4; lastKnownFileType = text.json; path = Extended3bBatAtcStandard.json; sourceTree = "<group>"; };
		9C762E0929A2039A00C3B804 /* ExtendedSsBatAtcStandard.json */ = {isa = PBXFileReference; fileEncoding = 4; lastKnownFileType = text.json; path = ExtendedSsBatAtcStandard.json; sourceTree = "<group>"; };
		9C762E0A29A2039A00C3B804 /* ExtendedSsBatThebatStandard.json */ = {isa = PBXFileReference; fileEncoding = 4; lastKnownFileType = text.json; path = ExtendedSsBatThebatStandard.json; sourceTree = "<group>"; };
		9C762E0B29A2039A00C3B804 /* ExtendedSsBatSteamerStandard.json */ = {isa = PBXFileReference; fileEncoding = 4; lastKnownFileType = text.json; path = ExtendedSsBatSteamerStandard.json; sourceTree = "<group>"; };
		9C762E0C29A2039A00C3B804 /* ExtendedCBatAtcStandard.json */ = {isa = PBXFileReference; fileEncoding = 4; lastKnownFileType = text.json; path = ExtendedCBatAtcStandard.json; sourceTree = "<group>"; };
		9C762E0D29A2039A00C3B804 /* ExtendedCBatThebatxStandard.json */ = {isa = PBXFileReference; fileEncoding = 4; lastKnownFileType = text.json; path = ExtendedCBatThebatxStandard.json; sourceTree = "<group>"; };
		9C762E2D29A2133200C3B804 /* NVDraftSummary.swift */ = {isa = PBXFileReference; lastKnownFileType = sourcecode.swift; path = NVDraftSummary.swift; sourceTree = "<group>"; };
		9C7CC794299DD4D800A95170 /* NVDraftPlayerDetail.swift */ = {isa = PBXFileReference; lastKnownFileType = sourcecode.swift; path = NVDraftPlayerDetail.swift; sourceTree = "<group>"; };
		9C82187329A6E03F007DA5D2 /* NVDownloadBatters.swift */ = {isa = PBXFileReference; lastKnownFileType = sourcecode.swift; path = NVDownloadBatters.swift; sourceTree = "<group>"; };
		9C82187529A6E234007DA5D2 /* GoogleService-Info.plist */ = {isa = PBXFileReference; fileEncoding = 4; lastKnownFileType = text.plist.xml; path = "GoogleService-Info.plist"; sourceTree = "<group>"; };
		9C82188229A6F1DA007DA5D2 /* Info.plist */ = {isa = PBXFileReference; lastKnownFileType = text.plist; path = Info.plist; sourceTree = "<group>"; };
		9C8643A729A1BB8300067B1A /* NVMyTeamQuickView.swift */ = {isa = PBXFileReference; lastKnownFileType = sourcecode.swift; path = NVMyTeamQuickView.swift; sourceTree = "<group>"; };
		9CA24CA52983915400A394B4 /* AllBattersListView.swift */ = {isa = PBXFileReference; lastKnownFileType = sourcecode.swift; path = AllBattersListView.swift; sourceTree = "<group>"; };
		9CA24CA7298394EB00A394B4 /* ParsedBatter.swift */ = {isa = PBXFileReference; lastKnownFileType = sourcecode.swift; path = ParsedBatter.swift; sourceTree = "<group>"; };
		9CA24CA92983A43500A394B4 /* ParsedBatterDetailView.swift */ = {isa = PBXFileReference; lastKnownFileType = sourcecode.swift; path = ParsedBatterDetailView.swift; sourceTree = "<group>"; };
		9CA24CAB29850FE000A394B4 /* ContentView.swift */ = {isa = PBXFileReference; lastKnownFileType = sourcecode.swift; path = ContentView.swift; sourceTree = "<group>"; };
		9CA24CAD2985181A00A394B4 /* ExtArray.swift */ = {isa = PBXFileReference; lastKnownFileType = sourcecode.swift; path = ExtArray.swift; sourceTree = "<group>"; };
		9CA24CB1298519E100A394B4 /* ProjectionTypes.swift */ = {isa = PBXFileReference; lastKnownFileType = sourcecode.swift; path = ProjectionTypes.swift; sourceTree = "<group>"; };
		9CA24CB329851A0800A394B4 /* All Batters.swift */ = {isa = PBXFileReference; lastKnownFileType = sourcecode.swift; path = "All Batters.swift"; sourceTree = "<group>"; };
		9CA24CB529851A5300A394B4 /* Projection.swift */ = {isa = PBXFileReference; lastKnownFileType = sourcecode.swift; path = Projection.swift; sourceTree = "<group>"; };
		9CA24CB729851A7600A394B4 /* AverageStats.swift */ = {isa = PBXFileReference; lastKnownFileType = sourcecode.swift; path = AverageStats.swift; sourceTree = "<group>"; };
		9CA24CB929851A9900A394B4 /* AllParsedBatters.swift */ = {isa = PBXFileReference; lastKnownFileType = sourcecode.swift; path = AllParsedBatters.swift; sourceTree = "<group>"; };
		9CA24CBC29851C2C00A394B4 /* DraftView.swift */ = {isa = PBXFileReference; lastKnownFileType = sourcecode.swift; path = DraftView.swift; sourceTree = "<group>"; };
		9CA24CC32985B7F100A394B4 /* DraftPlayer.swift */ = {isa = PBXFileReference; lastKnownFileType = sourcecode.swift; path = DraftPlayer.swift; sourceTree = "<group>"; };
		9CA24CC52985B83200A394B4 /* Draft.swift */ = {isa = PBXFileReference; lastKnownFileType = sourcecode.swift; path = Draft.swift; sourceTree = "<group>"; };
		9CA24CC72985B83800A394B4 /* DraftTeam.swift */ = {isa = PBXFileReference; lastKnownFileType = sourcecode.swift; path = DraftTeam.swift; sourceTree = "<group>"; };
		9CA24CCA2985B8F500A394B4 /* DraftSettings.swift */ = {isa = PBXFileReference; lastKnownFileType = sourcecode.swift; path = DraftSettings.swift; sourceTree = "<group>"; };
		9CA24CCD2985B9F700A394B4 /* SetupDraftView.swift */ = {isa = PBXFileReference; lastKnownFileType = sourcecode.swift; path = SetupDraftView.swift; sourceTree = "<group>"; };
		9CA24CD22985BD2200A394B4 /* SetUpDraftTeamsView.swift */ = {isa = PBXFileReference; lastKnownFileType = sourcecode.swift; path = SetUpDraftTeamsView.swift; sourceTree = "<group>"; };
		9CA24CD629865F5D00A394B4 /* DraftSummaryView.swift */ = {isa = PBXFileReference; lastKnownFileType = sourcecode.swift; path = DraftSummaryView.swift; sourceTree = "<group>"; };
		9CA24CD829889B1400A394B4 /* SelectPositionsHScroll.swift */ = {isa = PBXFileReference; lastKnownFileType = sourcecode.swift; path = SelectPositionsHScroll.swift; sourceTree = "<group>"; };
		9CA24CDB2988F4FB00A394B4 /* PositionAnalysisView.swift */ = {isa = PBXFileReference; lastKnownFileType = sourcecode.swift; path = PositionAnalysisView.swift; sourceTree = "<group>"; };
		9CA24CDF2988F57600A394B4 /* SelectProjectionTypeHScroll.swift */ = {isa = PBXFileReference; lastKnownFileType = sourcecode.swift; path = SelectProjectionTypeHScroll.swift; sourceTree = "<group>"; };
		9CA24CE22988FB4700A394B4 /* SelectSinglePositionTypeHScroll.swift */ = {isa = PBXFileReference; lastKnownFileType = sourcecode.swift; path = SelectSinglePositionTypeHScroll.swift; sourceTree = "<group>"; };
		9CA24CE52989E81400A394B4 /* Stack.swift */ = {isa = PBXFileReference; lastKnownFileType = sourcecode.swift; path = Stack.swift; sourceTree = "<group>"; };
		9CB997C729A32D79008CAFAF /* LoadingDraft.swift */ = {isa = PBXFileReference; lastKnownFileType = sourcecode.swift; path = LoadingDraft.swift; sourceTree = "<group>"; };
		9CC80283298C7524005B438D /* UserDefaults.swift */ = {isa = PBXFileReference; lastKnownFileType = sourcecode.swift; path = UserDefaults.swift; sourceTree = "<group>"; };
		9CC80285298CCD83005B438D /* MyStatsPlayers.swift */ = {isa = PBXFileReference; lastKnownFileType = sourcecode.swift; path = MyStatsPlayers.swift; sourceTree = "<group>"; };
		9CC80287298D86CF005B438D /* StrongestAtEachPositionView.swift */ = {isa = PBXFileReference; lastKnownFileType = sourcecode.swift; path = StrongestAtEachPositionView.swift; sourceTree = "<group>"; };
		9CC8028A298E3785005B438D /* BestPick.swift */ = {isa = PBXFileReference; lastKnownFileType = sourcecode.swift; path = BestPick.swift; sourceTree = "<group>"; };
		9CC8028C298E47EC005B438D /* RecommendedPlayerView.swift */ = {isa = PBXFileReference; lastKnownFileType = sourcecode.swift; path = RecommendedPlayerView.swift; sourceTree = "<group>"; };
		9CCF1B3A29A635F900A64C77 /* NVSettings.swift */ = {isa = PBXFileReference; lastKnownFileType = sourcecode.swift; path = NVSettings.swift; sourceTree = "<group>"; };
		9CE9F4F3299B723B0015886D /* CreateModifiedPlayerView.swift */ = {isa = PBXFileReference; lastKnownFileType = sourcecode.swift; path = CreateModifiedPlayerView.swift; sourceTree = "<group>"; };
		9CE9F4F6299C4F420015886D /* NVAllPlayers.swift */ = {isa = PBXFileReference; lastKnownFileType = sourcecode.swift; path = NVAllPlayers.swift; sourceTree = "<group>"; };
		9CE9F4F9299C502B0015886D /* NVDropDownProjection.swift */ = {isa = PBXFileReference; lastKnownFileType = sourcecode.swift; path = NVDropDownProjection.swift; sourceTree = "<group>"; };
		9CE9F4FB299C54BC0015886D /* NVDropDownPosition.swift */ = {isa = PBXFileReference; lastKnownFileType = sourcecode.swift; path = NVDropDownPosition.swift; sourceTree = "<group>"; };
		9CE9F4FE299C56440015886D /* NVAllPlayersRow.swift */ = {isa = PBXFileReference; lastKnownFileType = sourcecode.swift; path = NVAllPlayersRow.swift; sourceTree = "<group>"; };
		9CE9F500299C5A4A0015886D /* NVSortByDropDown.swift */ = {isa = PBXFileReference; lastKnownFileType = sourcecode.swift; path = NVSortByDropDown.swift; sourceTree = "<group>"; };
		9CE9F502299C5D700015886D /* NVPlayerDetail.swift */ = {isa = PBXFileReference; lastKnownFileType = sourcecode.swift; path = NVPlayerDetail.swift; sourceTree = "<group>"; };
		9CE9F505299C88320015886D /* RectPieChart.swift */ = {isa = PBXFileReference; lastKnownFileType = sourcecode.swift; name = RectPieChart.swift; path = "FantasyDraftTool/New Views/New Components/Charts & Analyzing/RectPieChart.swift"; sourceTree = SOURCE_ROOT; };
		9CE9F50D299C9ED80015886D /* NVDraft.swift */ = {isa = PBXFileReference; lastKnownFileType = sourcecode.swift; path = NVDraft.swift; sourceTree = "<group>"; };
		9CE9F510299C9F400015886D /* NVPreviousPickRect.swift */ = {isa = PBXFileReference; lastKnownFileType = sourcecode.swift; path = NVPreviousPickRect.swift; sourceTree = "<group>"; };
		9CE9F512299CA5C00015886D /* NVCurrentPickRect.swift */ = {isa = PBXFileReference; lastKnownFileType = sourcecode.swift; path = NVCurrentPickRect.swift; sourceTree = "<group>"; };
/* End PBXFileReference section */

/* Begin PBXFrameworksBuildPhase section */
		9C75B9B1296F590F003B35E6 /* Frameworks */ = {
			isa = PBXFrameworksBuildPhase;
			buildActionMask = 2147483647;
			files = (
				9C82188129A6E34F007DA5D2 /* FirebaseFirestoreSwift in Frameworks */,
				9C82187D29A6E34F007DA5D2 /* FirebaseDatabaseSwift in Frameworks */,
				9C82187F29A6E34F007DA5D2 /* FirebaseFirestore in Frameworks */,
				9C82187B29A6E34F007DA5D2 /* FirebaseDatabase in Frameworks */,
				9C82187929A6E34F007DA5D2 /* FirebaseAuth in Frameworks */,
			);
			runOnlyForDeploymentPostprocessing = 0;
		};
/* End PBXFrameworksBuildPhase section */

/* Begin PBXGroup section */
		9C1AE396297FA08F0016BF50 /* Model */ = {
			isa = PBXGroup;
			children = (
				9C2C8DA429AA81C000626232 /* Stats */,
				9C2C8DA829AA85FF00626232 /* ExtendedPitchersJSONs */,
				9C762DEF29A2038600C3B804 /* ExtendedBattersJSONs */,
				9CC80285298CCD83005B438D /* MyStatsPlayers.swift */,
				9C3B702C298B2CD900A1B42C /* Main Model */,
				9CA24CB0298519A000A394B4 /* Deprecated Models */,
				9C1AE3A72982239F0016BF50 /* OriginalJSONs */,
				9C1AE3A22981F1A90016BF50 /* Objects */,
			);
			path = Model;
			sourceTree = "<group>";
		};
		9C1AE39F2980A7170016BF50 /* Views */ = {
			isa = PBXGroup;
			children = (
				9CE9F4F3299B723B0015886D /* CreateModifiedPlayerView.swift */,
				9C73D09229970BD8007C251F /* SettingsView.swift */,
				9C73D09429970BDD007C251F /* Settings */,
				9C73D08C2995C801007C251F /* SimulateRemainingDraftView.swift */,
				9CC8028C298E47EC005B438D /* RecommendedPlayerView.swift */,
				9CC80287298D86CF005B438D /* StrongestAtEachPositionView.swift */,
				9CA24CDD2988F52100A394B4 /* Components */,
				9CA24CDA2988F4AE00A394B4 /* Analysis */,
				9CA24CBB29851C2500A394B4 /* Draft */,
				9CA24CA52983915400A394B4 /* AllBattersListView.swift */,
				9C1AE39B29804D4A0016BF50 /* ScoringSettingsView.swift */,
				9CA24CA92983A43500A394B4 /* ParsedBatterDetailView.swift */,
				9C73D0902996DC64007C251F /* ModifyStatsView.swift */,
				9C0C9D112974CC460069703D /* EditDoubleView.swift */,
				9CA24CAF2985190500A394B4 /* Deprecated View */,
			);
			path = Views;
			sourceTree = "<group>";
		};
		9C1AE3A22981F1A90016BF50 /* Objects */ = {
			isa = PBXGroup;
			children = (
				9CA24CE72989E82200A394B4 /* Components */,
				9C3B7028298B2C7800A1B42C /* Enums */,
				9C3B7027298B2C6900A1B42C /* Classes and Structs */,
			);
			path = Objects;
			sourceTree = "<group>";
		};
		9C1AE3A72982239F0016BF50 /* OriginalJSONs */ = {
			isa = PBXGroup;
			children = (
				9C33F7C429838B2D0038A938 /* 1bBatAtcStandard.json */,
				9C33F7D729838B2E0038A938 /* 1bBatFangraphsdcStandard.json */,
				9C33F7D329838B2E0038A938 /* 1bBatSteamerStandard.json */,
				9C33F7C829838B2D0038A938 /* 1bBatThebatStandard.json */,
				9C33F7CD29838B2D0038A938 /* 1bBatThebatxStandard.json */,
				9C33F7CA29838B2D0038A938 /* 2bBatAtcStandard.json */,
				9C33F7D029838B2D0038A938 /* 2bBatFangraphsdcStandard.json */,
				9C33F7C529838B2D0038A938 /* 2bBatSteamerStandard.json */,
				9C33F7CB29838B2D0038A938 /* 2bBatThebatStandard.json */,
				9C33F7D829838B2E0038A938 /* 2bBatThebatxStandard.json */,
				9C33F7D529838B2E0038A938 /* 3bBatAtcStandard.json */,
				9C33F7C929838B2D0038A938 /* 3bBatFangraphsdcStandard.json */,
				9C33F7C229838B2D0038A938 /* 3bBatSteamerStandard.json */,
				9C33F7BE29838B2D0038A938 /* 3bBatThebatStandard.json */,
				9C33F7D429838B2E0038A938 /* 3bBatThebatxStandard.json */,
				9C33F7CE29838B2D0038A938 /* CBatAtcStandard.json */,
				9C33F7BF29838B2D0038A938 /* CBatFangraphsdcStandard.json */,
				9C33F7D129838B2E0038A938 /* CBatSteamerStandard.json */,
				9C33F7C329838B2D0038A938 /* CBatThebatStandard.json */,
				9C33F7BD29838B2D0038A938 /* CBatThebatxStandard.json */,
				9C33F7C729838B2D0038A938 /* OfBatAtcStandard.json */,
				9C33F7C029838B2D0038A938 /* OfBatFangraphsdcStandard.json */,
				9C33F7C629838B2D0038A938 /* OfBatSteamerStandard.json */,
				9C33F7D229838B2E0038A938 /* OfBatThebatStandard.json */,
				9C33F7D929838B2E0038A938 /* OfBatThebatxStandard.json */,
				9C33F7CF29838B2D0038A938 /* SsBatAtcStandard.json */,
				9C33F7D629838B2E0038A938 /* SsBatFangraphsdcStandard.json */,
				9C33F7DA29838B2E0038A938 /* SsBatSteamerStandard.json */,
				9C33F7CC29838B2D0038A938 /* SsBatThebatStandard.json */,
				9C33F7C129838B2D0038A938 /* SsBatThebatxStandard.json */,
			);
			path = OriginalJSONs;
			sourceTree = "<group>";
		};
		9C1AE3A9298223BF0016BF50 /* Not used JSONs */ = {
			isa = PBXGroup;
			children = (
				9C75B9CB296F9386003B35E6 /* steamer.json */,
				9C1AE399297FA7DC0016BF50 /* steamerStandard.json */,
			);
			path = "Not used JSONs";
			sourceTree = "<group>";
		};
		9C2C8D9C29A94E0700626232 /* New Group */ = {
			isa = PBXGroup;
			children = (
			);
			path = "New Group";
			sourceTree = "<group>";
		};
		9C2C8D9D29A94E1000626232 /* Predictions Section */ = {
			isa = PBXGroup;
			children = (
				9C2C8D9E29A94E3400626232 /* NVPicksSection.swift */,
			);
			path = "Predictions Section";
			sourceTree = "<group>";
		};
		9C2C8DA429AA81C000626232 /* Stats */ = {
			isa = PBXGroup;
			children = (
				9C2C8DA229AA81B700626232 /* StatsManager.swift */,
			);
			path = Stats;
			sourceTree = "<group>";
		};
		9C2C8DA529AA850000626232 /* Extended */ = {
			isa = PBXGroup;
			children = (
				9C762DED29A1FED100C3B804 /* ExtendedBatter.swift */,
				9C2C8DA629AA850B00626232 /* ExtendedPitcher.swift */,
			);
			path = Extended;
			sourceTree = "<group>";
		};
		9C2C8DA829AA85FF00626232 /* ExtendedPitchersJSONs */ = {
			isa = PBXGroup;
			children = (
				9C2C8DAA29AA861B00626232 /* ExtendedRelAtcStandard.json */,
				9C2C8DAB29AA861B00626232 /* ExtendedRelFangraphsdcStandard.json */,
				9C2C8DAC29AA861B00626232 /* ExtendedRelSteamerStandard.json */,
				9C2C8DA929AA861B00626232 /* ExtendedRelThebatStandard.json */,
			);
			path = ExtendedPitchersJSONs;
			sourceTree = "<group>";
		};
		9C3B7026298B2C5400A1B42C /* Player Pool */ = {
			isa = PBXGroup;
			children = (
				9C3B7024298B2C3400A1B42C /* PlayerPool.swift */,
			);
			path = "Player Pool";
			sourceTree = "<group>";
		};
		9C3B7027298B2C6900A1B42C /* Classes and Structs */ = {
			isa = PBXGroup;
			children = (
				9C3B702B298B2CB300A1B42C /* Projections */,
				9C3B702A298B2C9C00A1B42C /* Players */,
				9C3B7029298B2C8800A1B42C /* Settings */,
				9CA24CBE2985B7C800A394B4 /* Draft */,
			);
			path = "Classes and Structs";
			sourceTree = "<group>";
		};
		9C3B7028298B2C7800A1B42C /* Enums */ = {
			isa = PBXGroup;
			children = (
				9C1AE3A32981F29D0016BF50 /* Position.swift */,
				9CA24CB729851A7600A394B4 /* AverageStats.swift */,
				9C1AE39D29807C290016BF50 /* StandardNaming.swift */,
				9CA24CB1298519E100A394B4 /* ProjectionTypes.swift */,
			);
			path = Enums;
			sourceTree = "<group>";
		};
		9C3B7029298B2C8800A1B42C /* Settings */ = {
			isa = PBXGroup;
			children = (
				9C1AE397297FA0A20016BF50 /* ScoringSettings.swift */,
			);
			path = Settings;
			sourceTree = "<group>";
		};
		9C3B702A298B2C9C00A1B42C /* Players */ = {
			isa = PBXGroup;
			children = (
				9C2C8DA529AA850000626232 /* Extended */,
				9CA24CB929851A9900A394B4 /* AllParsedBatters.swift */,
				9C33F7F929838BCD0038A938 /* JSONBatter.swift */,
				9CA24CA7298394EB00A394B4 /* ParsedBatter.swift */,
			);
			path = Players;
			sourceTree = "<group>";
		};
		9C3B702B298B2CB300A1B42C /* Projections */ = {
			isa = PBXGroup;
			children = (
				9CA24CB529851A5300A394B4 /* Projection.swift */,
			);
			path = Projections;
			sourceTree = "<group>";
		};
		9C3B702C298B2CD900A1B42C /* Main Model */ = {
			isa = PBXGroup;
			children = (
				9C3B702D298B2CE100A1B42C /* MainModel.swift */,
				9CC80283298C7524005B438D /* UserDefaults.swift */,
			);
			path = "Main Model";
			sourceTree = "<group>";
		};
		9C73D087299573B5007C251F /* Remaining Analysis for Position */ = {
			isa = PBXGroup;
			children = (
				9C73D088299573C4007C251F /* RemainingAnalysisPosition.swift */,
			);
			path = "Remaining Analysis for Position";
			sourceTree = "<group>";
		};
		9C73D09429970BDD007C251F /* Settings */ = {
			isa = PBXGroup;
			children = (
			);
			path = Settings;
			sourceTree = "<group>";
		};
		9C75B9AB296F590F003B35E6 = {
			isa = PBXGroup;
			children = (
				9C2C8DA029A99C0500626232 /* SmallComponents.swift */,
				9C75B9B7296F590F003B35E6 /* FantasyDraftToolApp.swift */,
				9CA24CAB29850FE000A394B4 /* ContentView.swift */,
				9C75B9B6296F590F003B35E6 /* FantasyDraftTool */,
				9C75B9B5296F590F003B35E6 /* Products */,
			);
			sourceTree = "<group>";
		};
		9C75B9B5296F590F003B35E6 /* Products */ = {
			isa = PBXGroup;
			children = (
				9C75B9B4296F590F003B35E6 /* FantasyDraftTool.app */,
			);
			name = Products;
			sourceTree = "<group>";
		};
		9C75B9B6296F590F003B35E6 /* FantasyDraftTool */ = {
			isa = PBXGroup;
			children = (
				9C82188229A6F1DA007DA5D2 /* Info.plist */,
				9C82187529A6E234007DA5D2 /* GoogleService-Info.plist */,
				9CE9F4F5299C4F160015886D /* New Views */,
				9C1AE39F2980A7170016BF50 /* Views */,
				9C1AE396297FA08F0016BF50 /* Model */,
				9C75B9E0296FD215003B35E6 /* Extensions */,
				9C75B9BB296F5910003B35E6 /* Assets.xcassets */,
				9C75B9BD296F5910003B35E6 /* Preview Content */,
			);
			path = FantasyDraftTool;
			sourceTree = "<group>";
		};
		9C75B9BD296F5910003B35E6 /* Preview Content */ = {
			isa = PBXGroup;
			children = (
				9C75B9BE296F5910003B35E6 /* Preview Assets.xcassets */,
			);
			path = "Preview Content";
			sourceTree = "<group>";
		};
		9C75B9E0296FD215003B35E6 /* Extensions */ = {
			isa = PBXGroup;
			children = (
				9C75B9E1296FD215003B35E6 /* ExtDate.swift */,
				9C75B9E2296FD215003B35E6 /* ExtView.swift */,
				9C75B9E3296FD215003B35E6 /* CoreDataExtensions.swift */,
				9C75B9E4296FD215003B35E6 /* ExtDouble.swift */,
				9C75B9E5296FD215003B35E6 /* ExtInt.swift */,
				9C75B9E6296FD215003B35E6 /* ExtColor.swift */,
				9C75B9E7296FD215003B35E6 /* ExtText.swift */,
				9C75B9E8296FD215003B35E6 /* ExtStr.swift */,
				9CA24CAD2985181A00A394B4 /* ExtArray.swift */,
			);
			path = Extensions;
			sourceTree = "<group>";
		};
		9C762DEF29A2038600C3B804 /* ExtendedBattersJSONs */ = {
			isa = PBXGroup;
			children = (
				9C762DF629A2039900C3B804 /* Extended1bBatAtcStandard.json */,
				9C762DF129A2039900C3B804 /* Extended1bBatFangraphsdcStandard.json */,
				9C762DFF29A2039A00C3B804 /* Extended1bBatSteamerStandard.json */,
				9C762DFE29A2039A00C3B804 /* Extended1bBatThebatStandard.json */,
				9C762DF929A2039900C3B804 /* Extended1bBatThebatxStandard.json */,
				9C762DF329A2039900C3B804 /* Extended2bBatAtcStandard.json */,
				9C762E0029A2039A00C3B804 /* Extended2bBatFangraphsdcStandard.json */,
				9C762DF529A2039900C3B804 /* Extended2bBatSteamerStandard.json */,
				9C762DF429A2039900C3B804 /* Extended2bBatThebatStandard.json */,
				9C762DFC29A2039A00C3B804 /* Extended2bBatThebatxStandard.json */,
				9C762E0829A2039A00C3B804 /* Extended3bBatAtcStandard.json */,
				9C762E0129A2039A00C3B804 /* Extended3bBatFangraphsdcStandard.json */,
				9C762DF029A2039900C3B804 /* Extended3bBatSteamerStandard.json */,
				9C762DF829A2039900C3B804 /* Extended3bBatThebatStandard.json */,
				9C762DF729A2039900C3B804 /* Extended3bBatThebatxStandard.json */,
				9C762E0C29A2039A00C3B804 /* ExtendedCBatAtcStandard.json */,
				9C762E0629A2039A00C3B804 /* ExtendedCBatFangraphsdcStandard.json */,
				9C762E0429A2039A00C3B804 /* ExtendedCBatSteamerStandard.json */,
				9C762DFB29A2039900C3B804 /* ExtendedCBatThebatStandard.json */,
				9C762E0D29A2039A00C3B804 /* ExtendedCBatThebatxStandard.json */,
				9C762DFD29A2039A00C3B804 /* ExtendedOfBatAtcStandard.json */,
				9C762E0729A2039A00C3B804 /* ExtendedOfBatFangraphsdcStandard.json */,
				9C762DFA29A2039900C3B804 /* ExtendedOfBatSteamerStandard.json */,
				9C762E0529A2039A00C3B804 /* ExtendedOfBatThebatStandard.json */,
				9C762E0329A2039A00C3B804 /* ExtendedOfBatThebatxStandard.json */,
				9C762E0929A2039A00C3B804 /* ExtendedSsBatAtcStandard.json */,
				9C762E0229A2039A00C3B804 /* ExtendedSsBatFangraphsdcStandard.json */,
				9C762E0B29A2039A00C3B804 /* ExtendedSsBatSteamerStandard.json */,
				9C762E0A29A2039A00C3B804 /* ExtendedSsBatThebatStandard.json */,
				9C762DF229A2039900C3B804 /* ExtendedSsBatThebatxStandard.json */,
			);
			path = ExtendedBattersJSONs;
			sourceTree = "<group>";
		};
		9CA24CAF2985190500A394B4 /* Deprecated View */ = {
			isa = PBXGroup;
			children = (
				9C75B9B9296F590F003B35E6 /* OldJSONView.swift */,
				9C75B9CD296FD174003B35E6 /* BatterDetailView.swift */,
			);
			path = "Deprecated View";
			sourceTree = "<group>";
		};
		9CA24CB0298519A000A394B4 /* Deprecated Models */ = {
			isa = PBXGroup;
			children = (
				9CA24CB329851A0800A394B4 /* All Batters.swift */,
				9C1AE3A9298223BF0016BF50 /* Not used JSONs */,
				9C75B9C7296F8C7E003B35E6 /* Batter.swift */,
			);
			path = "Deprecated Models";
			sourceTree = "<group>";
		};
		9CA24CBB29851C2500A394B4 /* Draft */ = {
			isa = PBXGroup;
			children = (
				9C73D087299573B5007C251F /* Remaining Analysis for Position */,
				9CA24CE4298902FC00A394B4 /* Actual Draft */,
				9CA24CD529865F5100A394B4 /* Draft Summary */,
				9CA24CCC2985B9E900A394B4 /* DraftSettings */,
			);
			path = Draft;
			sourceTree = "<group>";
		};
		9CA24CBE2985B7C800A394B4 /* Draft */ = {
			isa = PBXGroup;
			children = (
				9CC80289298E3778005B438D /* BestPick */,
				9CA24CC12985B7DD00A394B4 /* Draft */,
				9C3B7026298B2C5400A1B42C /* Player Pool */,
				9CA24CD4298658D600A394B4 /* DraftPick */,
				9CA24CC22985B7E300A394B4 /* DraftPlayer */,
				9CA24CC92985B8EB00A394B4 /* Settings */,
				9CA24CBF2985B7D100A394B4 /* DraftTeam */,
			);
			path = Draft;
			sourceTree = "<group>";
		};
		9CA24CBF2985B7D100A394B4 /* DraftTeam */ = {
			isa = PBXGroup;
			children = (
				9CA24CC72985B83800A394B4 /* DraftTeam.swift */,
			);
			path = DraftTeam;
			sourceTree = "<group>";
		};
		9CA24CC12985B7DD00A394B4 /* Draft */ = {
			isa = PBXGroup;
			children = (
				9CA24CC52985B83200A394B4 /* Draft.swift */,
			);
			path = Draft;
			sourceTree = "<group>";
		};
		9CA24CC22985B7E300A394B4 /* DraftPlayer */ = {
			isa = PBXGroup;
			children = (
				9CA24CC32985B7F100A394B4 /* DraftPlayer.swift */,
			);
			path = DraftPlayer;
			sourceTree = "<group>";
		};
		9CA24CC92985B8EB00A394B4 /* Settings */ = {
			isa = PBXGroup;
			children = (
				9CA24CCA2985B8F500A394B4 /* DraftSettings.swift */,
			);
			path = Settings;
			sourceTree = "<group>";
		};
		9CA24CCC2985B9E900A394B4 /* DraftSettings */ = {
			isa = PBXGroup;
			children = (
				9CA24CD02985BCFD00A394B4 /* Set Up Draft */,
				9CA24CD12985BD0400A394B4 /* Set teams */,
				9CA24CCF2985BAB300A394B4 /* ScoringSettingsDetailView */,
			);
			path = DraftSettings;
			sourceTree = "<group>";
		};
		9CA24CCF2985BAB300A394B4 /* ScoringSettingsDetailView */ = {
			isa = PBXGroup;
			children = (
			);
			path = ScoringSettingsDetailView;
			sourceTree = "<group>";
		};
		9CA24CD02985BCFD00A394B4 /* Set Up Draft */ = {
			isa = PBXGroup;
			children = (
				9CA24CCD2985B9F700A394B4 /* SetupDraftView.swift */,
			);
			path = "Set Up Draft";
			sourceTree = "<group>";
		};
		9CA24CD12985BD0400A394B4 /* Set teams */ = {
			isa = PBXGroup;
			children = (
				9CA24CD22985BD2200A394B4 /* SetUpDraftTeamsView.swift */,
			);
			path = "Set teams";
			sourceTree = "<group>";
		};
		9CA24CD4298658D600A394B4 /* DraftPick */ = {
			isa = PBXGroup;
			children = (
			);
			path = DraftPick;
			sourceTree = "<group>";
		};
		9CA24CD529865F5100A394B4 /* Draft Summary */ = {
			isa = PBXGroup;
			children = (
				9CA24CD629865F5D00A394B4 /* DraftSummaryView.swift */,
			);
			path = "Draft Summary";
			sourceTree = "<group>";
		};
		9CA24CDA2988F4AE00A394B4 /* Analysis */ = {
			isa = PBXGroup;
			children = (
				9CA24CDB2988F4FB00A394B4 /* PositionAnalysisView.swift */,
			);
			path = Analysis;
			sourceTree = "<group>";
		};
		9CA24CDD2988F52100A394B4 /* Components */ = {
			isa = PBXGroup;
			children = (
				9CA24CDE2988F56200A394B4 /* Selectors */,
			);
			path = Components;
			sourceTree = "<group>";
		};
		9CA24CDE2988F56200A394B4 /* Selectors */ = {
			isa = PBXGroup;
			children = (
				9CA24CD829889B1400A394B4 /* SelectPositionsHScroll.swift */,
				9CA24CDF2988F57600A394B4 /* SelectProjectionTypeHScroll.swift */,
				9CA24CE22988FB4700A394B4 /* SelectSinglePositionTypeHScroll.swift */,
			);
			path = Selectors;
			sourceTree = "<group>";
		};
		9CA24CE4298902FC00A394B4 /* Actual Draft */ = {
			isa = PBXGroup;
			children = (
				9CA24CBC29851C2C00A394B4 /* DraftView.swift */,
			);
			path = "Actual Draft";
			sourceTree = "<group>";
		};
		9CA24CE72989E82200A394B4 /* Components */ = {
			isa = PBXGroup;
			children = (
				9CA24CE52989E81400A394B4 /* Stack.swift */,
			);
			path = Components;
			sourceTree = "<group>";
		};
		9CB997C629A32D64008CAFAF /* Loading Draft */ = {
			isa = PBXGroup;
			children = (
				9CB997C729A32D79008CAFAF /* LoadingDraft.swift */,
			);
			path = "Loading Draft";
			sourceTree = "<group>";
		};
		9CC80289298E3778005B438D /* BestPick */ = {
			isa = PBXGroup;
			children = (
				9CC8028A298E3785005B438D /* BestPick.swift */,
			);
			path = BestPick;
			sourceTree = "<group>";
		};
		9CE9F4F5299C4F160015886D /* New Views */ = {
			isa = PBXGroup;
			children = (
				9C82187329A6E03F007DA5D2 /* NVDownloadBatters.swift */,
				9CCF1B3A29A635F900A64C77 /* NVSettings.swift */,
				9CE9F50C299C9ECE0015886D /* Draft */,
				9CE9F509299C9DC10015886D /* All Players */,
				9CE9F4F8299C50170015886D /* New Components */,
			);
			path = "New Views";
			sourceTree = "<group>";
		};
		9CE9F4F8299C50170015886D /* New Components */ = {
			isa = PBXGroup;
			children = (
				9CE9F507299C9D940015886D /* Charts & Analyzing */,
				9CE9F504299C72EF0015886D /* DropDowns */,
			);
			path = "New Components";
			sourceTree = "<group>";
		};
		9CE9F504299C72EF0015886D /* DropDowns */ = {
			isa = PBXGroup;
			children = (
				9CE9F4F9299C502B0015886D /* NVDropDownProjection.swift */,
				9CE9F500299C5A4A0015886D /* NVSortByDropDown.swift */,
				9CE9F4FB299C54BC0015886D /* NVDropDownPosition.swift */,
			);
			path = DropDowns;
			sourceTree = "<group>";
		};
		9CE9F507299C9D940015886D /* Charts & Analyzing */ = {
			isa = PBXGroup;
			children = (
				9CE9F505299C88320015886D /* RectPieChart.swift */,
			);
			path = "Charts & Analyzing";
			sourceTree = "<group>";
		};
		9CE9F509299C9DC10015886D /* All Players */ = {
			isa = PBXGroup;
			children = (
				9CE9F50B299C9DD80015886D /* Player Detail */,
				9CE9F50A299C9DCE0015886D /* Components */,
				9CE9F4F6299C4F420015886D /* NVAllPlayers.swift */,
			);
			path = "All Players";
			sourceTree = "<group>";
		};
		9CE9F50A299C9DCE0015886D /* Components */ = {
			isa = PBXGroup;
			children = (
				9CE9F4FE299C56440015886D /* NVAllPlayersRow.swift */,
			);
			path = Components;
			sourceTree = "<group>";
		};
		9CE9F50B299C9DD80015886D /* Player Detail */ = {
			isa = PBXGroup;
			children = (
				9CE9F502299C5D700015886D /* NVPlayerDetail.swift */,
			);
			path = "Player Detail";
			sourceTree = "<group>";
		};
		9CE9F50C299C9ECE0015886D /* Draft */ = {
			isa = PBXGroup;
			children = (
				9C762DEB29A1D67700C3B804 /* NVDraftPlayerView.swift */,
				9C8643A729A1BB8300067B1A /* NVMyTeamQuickView.swift */,
				9CE9F50F299C9F1B0015886D /* Components */,
				9CE9F50D299C9ED80015886D /* NVDraft.swift */,
				9C2C8D9C29A94E0700626232 /* New Group */,
				9C762E2D29A2133200C3B804 /* NVDraftSummary.swift */,
			);
			path = Draft;
			sourceTree = "<group>";
		};
		9CE9F50F299C9F1B0015886D /* Components */ = {
			isa = PBXGroup;
			children = (
				9C2C8D9D29A94E1000626232 /* Predictions Section */,
				9CB997C629A32D64008CAFAF /* Loading Draft */,
				9CE9F510299C9F400015886D /* NVPreviousPickRect.swift */,
				9CE9F512299CA5C00015886D /* NVCurrentPickRect.swift */,
				9C7CC794299DD4D800A95170 /* NVDraftPlayerDetail.swift */,
			);
			path = Components;
			sourceTree = "<group>";
		};
/* End PBXGroup section */

/* Begin PBXNativeTarget section */
		9C75B9B3296F590F003B35E6 /* FantasyDraftTool */ = {
			isa = PBXNativeTarget;
			buildConfigurationList = 9C75B9C2296F5910003B35E6 /* Build configuration list for PBXNativeTarget "FantasyDraftTool" */;
			buildPhases = (
				9C75B9B0296F590F003B35E6 /* Sources */,
				9C75B9B1296F590F003B35E6 /* Frameworks */,
				9C75B9B2296F590F003B35E6 /* Resources */,
			);
			buildRules = (
			);
			dependencies = (
			);
			name = FantasyDraftTool;
			packageProductDependencies = (
				9C82187829A6E34F007DA5D2 /* FirebaseAuth */,
				9C82187A29A6E34F007DA5D2 /* FirebaseDatabase */,
				9C82187C29A6E34F007DA5D2 /* FirebaseDatabaseSwift */,
				9C82187E29A6E34F007DA5D2 /* FirebaseFirestore */,
				9C82188029A6E34F007DA5D2 /* FirebaseFirestoreSwift */,
			);
			productName = FantasyDraftTool;
			productReference = 9C75B9B4296F590F003B35E6 /* FantasyDraftTool.app */;
			productType = "com.apple.product-type.application";
		};
/* End PBXNativeTarget section */

/* Begin PBXProject section */
		9C75B9AC296F590F003B35E6 /* Project object */ = {
			isa = PBXProject;
			attributes = {
				BuildIndependentTargetsInParallel = 1;
				LastSwiftUpdateCheck = 1420;
				LastUpgradeCheck = 1420;
				TargetAttributes = {
					9C75B9B3296F590F003B35E6 = {
						CreatedOnToolsVersion = 14.2;
					};
				};
			};
			buildConfigurationList = 9C75B9AF296F590F003B35E6 /* Build configuration list for PBXProject "FantasyDraftTool" */;
			compatibilityVersion = "Xcode 14.0";
			developmentRegion = en;
			hasScannedForEncodings = 0;
			knownRegions = (
				en,
				Base,
			);
			mainGroup = 9C75B9AB296F590F003B35E6;
			packageReferences = (
				9C82187729A6E34F007DA5D2 /* XCRemoteSwiftPackageReference "firebase-ios-sdk" */,
			);
			productRefGroup = 9C75B9B5296F590F003B35E6 /* Products */;
			projectDirPath = "";
			projectRoot = "";
			targets = (
				9C75B9B3296F590F003B35E6 /* FantasyDraftTool */,
			);
		};
/* End PBXProject section */

/* Begin PBXResourcesBuildPhase section */
		9C75B9B2296F590F003B35E6 /* Resources */ = {
			isa = PBXResourcesBuildPhase;
			buildActionMask = 2147483647;
			files = (
				9C762E1A29A2039A00C3B804 /* Extended2bBatThebatxStandard.json in Resources */,
				9C762E1129A2039A00C3B804 /* Extended2bBatAtcStandard.json in Resources */,
				9C75B9CC296F9386003B35E6 /* steamer.json in Resources */,
				9C762E2629A2039A00C3B804 /* Extended3bBatAtcStandard.json in Resources */,
				9C33F7DC29838B2E0038A938 /* 3bBatThebatStandard.json in Resources */,
				9C762E2329A2039A00C3B804 /* ExtendedOfBatThebatStandard.json in Resources */,
				9C762E1C29A2039A00C3B804 /* Extended1bBatThebatStandard.json in Resources */,
				9C33F7F529838B2E0038A938 /* 1bBatFangraphsdcStandard.json in Resources */,
				9C33F7EE29838B2E0038A938 /* 2bBatFangraphsdcStandard.json in Resources */,
				9C33F7E729838B2E0038A938 /* 3bBatFangraphsdcStandard.json in Resources */,
				9C762E1829A2039A00C3B804 /* ExtendedOfBatSteamerStandard.json in Resources */,
				9C33F7DD29838B2E0038A938 /* CBatFangraphsdcStandard.json in Resources */,
				9C762E0F29A2039A00C3B804 /* Extended1bBatFangraphsdcStandard.json in Resources */,
				9C33F7E629838B2E0038A938 /* 1bBatThebatStandard.json in Resources */,
				9C33F7F329838B2E0038A938 /* 3bBatAtcStandard.json in Resources */,
				9C33F7F829838B2E0038A938 /* SsBatSteamerStandard.json in Resources */,
				9C33F7F229838B2E0038A938 /* 3bBatThebatxStandard.json in Resources */,
				9C762E2529A2039A00C3B804 /* ExtendedOfBatFangraphsdcStandard.json in Resources */,
				9C33F7F129838B2E0038A938 /* 1bBatSteamerStandard.json in Resources */,
				9C762E2229A2039A00C3B804 /* ExtendedCBatSteamerStandard.json in Resources */,
				9C762E2029A2039A00C3B804 /* ExtendedSsBatFangraphsdcStandard.json in Resources */,
				9C762E1E29A2039A00C3B804 /* Extended2bBatFangraphsdcStandard.json in Resources */,
				9C762E1529A2039A00C3B804 /* Extended3bBatThebatxStandard.json in Resources */,
				9C762E1329A2039A00C3B804 /* Extended2bBatSteamerStandard.json in Resources */,
				9C33F7E029838B2E0038A938 /* 3bBatSteamerStandard.json in Resources */,
				9C33F7EA29838B2E0038A938 /* SsBatThebatStandard.json in Resources */,
				9C33F7E229838B2E0038A938 /* 1bBatAtcStandard.json in Resources */,
				9C33F7F629838B2E0038A938 /* 2bBatThebatxStandard.json in Resources */,
				9C33F7F729838B2E0038A938 /* OfBatThebatxStandard.json in Resources */,
				9C762E1929A2039A00C3B804 /* ExtendedCBatThebatStandard.json in Resources */,
				9C762E1D29A2039A00C3B804 /* Extended1bBatSteamerStandard.json in Resources */,
				9C762E2929A2039A00C3B804 /* ExtendedSsBatSteamerStandard.json in Resources */,
				9C762E2A29A2039A00C3B804 /* ExtendedCBatAtcStandard.json in Resources */,
				9C33F7E829838B2E0038A938 /* 2bBatAtcStandard.json in Resources */,
				9C33F7E929838B2E0038A938 /* 2bBatThebatStandard.json in Resources */,
				9C33F7EF29838B2E0038A938 /* CBatSteamerStandard.json in Resources */,
				9C762E1429A2039A00C3B804 /* Extended1bBatAtcStandard.json in Resources */,
				9C762E1B29A2039A00C3B804 /* ExtendedOfBatAtcStandard.json in Resources */,
				9C33F7E129838B2E0038A938 /* CBatThebatStandard.json in Resources */,
				9C2C8DAE29AA861B00626232 /* ExtendedRelAtcStandard.json in Resources */,
				9C762E1629A2039A00C3B804 /* Extended3bBatThebatStandard.json in Resources */,
				9C762E2B29A2039A00C3B804 /* ExtendedCBatThebatxStandard.json in Resources */,
				9C762E1029A2039A00C3B804 /* ExtendedSsBatThebatxStandard.json in Resources */,
				9C762E2129A2039A00C3B804 /* ExtendedOfBatThebatxStandard.json in Resources */,
				9C33F7F029838B2E0038A938 /* OfBatThebatStandard.json in Resources */,
				9C33F7ED29838B2E0038A938 /* SsBatAtcStandard.json in Resources */,
				9C33F7EB29838B2E0038A938 /* 1bBatThebatxStandard.json in Resources */,
				9C33F7DE29838B2E0038A938 /* OfBatFangraphsdcStandard.json in Resources */,
				9C33F7F429838B2E0038A938 /* SsBatFangraphsdcStandard.json in Resources */,
				9C33F7E429838B2E0038A938 /* OfBatSteamerStandard.json in Resources */,
				9C762E1F29A2039A00C3B804 /* Extended3bBatFangraphsdcStandard.json in Resources */,
				9C82187629A6E234007DA5D2 /* GoogleService-Info.plist in Resources */,
				9C33F7DB29838B2E0038A938 /* CBatThebatxStandard.json in Resources */,
				9C762E2429A2039A00C3B804 /* ExtendedCBatFangraphsdcStandard.json in Resources */,
				9C2C8DAD29AA861B00626232 /* ExtendedRelThebatStandard.json in Resources */,
				9C762E2829A2039A00C3B804 /* ExtendedSsBatThebatStandard.json in Resources */,
				9C75B9BF296F5910003B35E6 /* Preview Assets.xcassets in Resources */,
				9C33F7DF29838B2E0038A938 /* SsBatThebatxStandard.json in Resources */,
				9C762E1229A2039A00C3B804 /* Extended2bBatThebatStandard.json in Resources */,
				9C33F7E329838B2E0038A938 /* 2bBatSteamerStandard.json in Resources */,
				9C75B9BC296F5910003B35E6 /* Assets.xcassets in Resources */,
				9C2C8DAF29AA861B00626232 /* ExtendedRelFangraphsdcStandard.json in Resources */,
				9C33F7EC29838B2E0038A938 /* CBatAtcStandard.json in Resources */,
				9C1AE39A297FA7DC0016BF50 /* steamerStandard.json in Resources */,
				9C762E2729A2039A00C3B804 /* ExtendedSsBatAtcStandard.json in Resources */,
				9C762E0E29A2039A00C3B804 /* Extended3bBatSteamerStandard.json in Resources */,
				9C33F7E529838B2E0038A938 /* OfBatAtcStandard.json in Resources */,
				9C762E1729A2039A00C3B804 /* Extended1bBatThebatxStandard.json in Resources */,
				9C2C8DB029AA861B00626232 /* ExtendedRelSteamerStandard.json in Resources */,
			);
			runOnlyForDeploymentPostprocessing = 0;
		};
/* End PBXResourcesBuildPhase section */

/* Begin PBXSourcesBuildPhase section */
		9C75B9B0296F590F003B35E6 /* Sources */ = {
			isa = PBXSourcesBuildPhase;
			buildActionMask = 2147483647;
			files = (
				9C3B702E298B2CE100A1B42C /* MainModel.swift in Sources */,
				9C73D089299573C4007C251F /* RemainingAnalysisPosition.swift in Sources */,
				9CC8028D298E47EC005B438D /* RecommendedPlayerView.swift in Sources */,
				9CA24CE32988FB4700A394B4 /* SelectSinglePositionTypeHScroll.swift in Sources */,
				9CCF1B3B29A635F900A64C77 /* NVSettings.swift in Sources */,
				9CE9F4FA299C502B0015886D /* NVDropDownProjection.swift in Sources */,
				9CA24CCE2985B9F700A394B4 /* SetupDraftView.swift in Sources */,
				9C73D0912996DC64007C251F /* ModifyStatsView.swift in Sources */,
				9C1AE3A42981F29D0016BF50 /* Position.swift in Sources */,
				9C75B9EA296FD215003B35E6 /* ExtView.swift in Sources */,
				9C7CC795299DD4D800A95170 /* NVDraftPlayerDetail.swift in Sources */,
				9CB997C829A32D79008CAFAF /* LoadingDraft.swift in Sources */,
				9CA24CC82985B83800A394B4 /* DraftTeam.swift in Sources */,
				9CA24CD929889B1400A394B4 /* SelectPositionsHScroll.swift in Sources */,
				9CE9F503299C5D700015886D /* NVPlayerDetail.swift in Sources */,
				9C82187429A6E03F007DA5D2 /* NVDownloadBatters.swift in Sources */,
				9CA24CE62989E81400A394B4 /* Stack.swift in Sources */,
				9C73D08D2995C801007C251F /* SimulateRemainingDraftView.swift in Sources */,
				9C2C8D9F29A94E3400626232 /* NVPicksSection.swift in Sources */,
				9CA24CBA29851A9900A394B4 /* AllParsedBatters.swift in Sources */,
				9CC80288298D86CF005B438D /* StrongestAtEachPositionView.swift in Sources */,
				9CE9F4FF299C56440015886D /* NVAllPlayersRow.swift in Sources */,
				9CE9F511299C9F400015886D /* NVPreviousPickRect.swift in Sources */,
				9C75B9EE296FD215003B35E6 /* ExtColor.swift in Sources */,
				9C2C8DA729AA850B00626232 /* ExtendedPitcher.swift in Sources */,
				9CA24CC62985B83200A394B4 /* Draft.swift in Sources */,
				9CE9F506299C88320015886D /* RectPieChart.swift in Sources */,
				9CA24CD729865F5D00A394B4 /* DraftSummaryView.swift in Sources */,
				9C762DEC29A1D67700C3B804 /* NVDraftPlayerView.swift in Sources */,
				9C75B9EF296FD215003B35E6 /* ExtText.swift in Sources */,
				9CE9F513299CA5C00015886D /* NVCurrentPickRect.swift in Sources */,
				9C762E2E29A2133200C3B804 /* NVDraftSummary.swift in Sources */,
				9CC8028B298E3785005B438D /* BestPick.swift in Sources */,
				9C0C9D122974CC460069703D /* EditDoubleView.swift in Sources */,
				9C1AE398297FA0A20016BF50 /* ScoringSettings.swift in Sources */,
				9CA24CAE2985181A00A394B4 /* ExtArray.swift in Sources */,
				9CA24CA8298394EB00A394B4 /* ParsedBatter.swift in Sources */,
				9C75B9BA296F590F003B35E6 /* OldJSONView.swift in Sources */,
				9CE9F50E299C9ED80015886D /* NVDraft.swift in Sources */,
				9CA24CD32985BD2200A394B4 /* SetUpDraftTeamsView.swift in Sources */,
				9C73D09329970BD8007C251F /* SettingsView.swift in Sources */,
				9C33F7FA29838BCD0038A938 /* JSONBatter.swift in Sources */,
				9CA24CA62983915400A394B4 /* AllBattersListView.swift in Sources */,
				9CA24CBD29851C2C00A394B4 /* DraftView.swift in Sources */,
				9C75B9CE296FD174003B35E6 /* BatterDetailView.swift in Sources */,
				9C75B9ED296FD215003B35E6 /* ExtInt.swift in Sources */,
				9CE9F501299C5A4A0015886D /* NVSortByDropDown.swift in Sources */,
				9CA24CAC29850FE000A394B4 /* ContentView.swift in Sources */,
				9C75B9C8296F8C7E003B35E6 /* Batter.swift in Sources */,
				9C75B9B8296F590F003B35E6 /* FantasyDraftToolApp.swift in Sources */,
				9CA24CB629851A5300A394B4 /* Projection.swift in Sources */,
				9C762DEE29A1FED100C3B804 /* ExtendedBatter.swift in Sources */,
				9CE9F4F4299B723B0015886D /* CreateModifiedPlayerView.swift in Sources */,
				9C1AE39E29807C290016BF50 /* StandardNaming.swift in Sources */,
				9CA24CC42985B7F100A394B4 /* DraftPlayer.swift in Sources */,
				9C2C8DA129A99C0500626232 /* SmallComponents.swift in Sources */,
				9CA24CB429851A0800A394B4 /* All Batters.swift in Sources */,
				9C3B7025298B2C3400A1B42C /* PlayerPool.swift in Sources */,
				9CE9F4FC299C54BC0015886D /* NVDropDownPosition.swift in Sources */,
				9CA24CCB2985B8F500A394B4 /* DraftSettings.swift in Sources */,
				9CC80286298CCD83005B438D /* MyStatsPlayers.swift in Sources */,
				9C75B9EB296FD215003B35E6 /* CoreDataExtensions.swift in Sources */,
				9C2C8DA329AA81B700626232 /* StatsManager.swift in Sources */,
				9CA24CB2298519E100A394B4 /* ProjectionTypes.swift in Sources */,
				9CA24CB829851A7600A394B4 /* AverageStats.swift in Sources */,
				9CC80284298C7524005B438D /* UserDefaults.swift in Sources */,
				9CE9F4F7299C4F420015886D /* NVAllPlayers.swift in Sources */,
				9C75B9F0296FD215003B35E6 /* ExtStr.swift in Sources */,
				9CA24CAA2983A43500A394B4 /* ParsedBatterDetailView.swift in Sources */,
				9C75B9EC296FD215003B35E6 /* ExtDouble.swift in Sources */,
				9C1AE39C29804D4A0016BF50 /* ScoringSettingsView.swift in Sources */,
				9C8643A829A1BB8300067B1A /* NVMyTeamQuickView.swift in Sources */,
				9CA24CE02988F57600A394B4 /* SelectProjectionTypeHScroll.swift in Sources */,
				9C75B9E9296FD215003B35E6 /* ExtDate.swift in Sources */,
				9CA24CDC2988F4FB00A394B4 /* PositionAnalysisView.swift in Sources */,
			);
			runOnlyForDeploymentPostprocessing = 0;
		};
/* End PBXSourcesBuildPhase section */

/* Begin XCBuildConfiguration section */
		9C75B9C0296F5910003B35E6 /* Debug */ = {
			isa = XCBuildConfiguration;
			buildSettings = {
				ALWAYS_SEARCH_USER_PATHS = NO;
				CLANG_ANALYZER_NONNULL = YES;
				CLANG_ANALYZER_NUMBER_OBJECT_CONVERSION = YES_AGGRESSIVE;
				CLANG_CXX_LANGUAGE_STANDARD = "gnu++20";
				CLANG_ENABLE_MODULES = YES;
				CLANG_ENABLE_OBJC_ARC = YES;
				CLANG_ENABLE_OBJC_WEAK = YES;
				CLANG_WARN_BLOCK_CAPTURE_AUTORELEASING = YES;
				CLANG_WARN_BOOL_CONVERSION = YES;
				CLANG_WARN_COMMA = YES;
				CLANG_WARN_CONSTANT_CONVERSION = YES;
				CLANG_WARN_DEPRECATED_OBJC_IMPLEMENTATIONS = YES;
				CLANG_WARN_DIRECT_OBJC_ISA_USAGE = YES_ERROR;
				CLANG_WARN_DOCUMENTATION_COMMENTS = YES;
				CLANG_WARN_EMPTY_BODY = YES;
				CLANG_WARN_ENUM_CONVERSION = YES;
				CLANG_WARN_INFINITE_RECURSION = YES;
				CLANG_WARN_INT_CONVERSION = YES;
				CLANG_WARN_NON_LITERAL_NULL_CONVERSION = YES;
				CLANG_WARN_OBJC_IMPLICIT_RETAIN_SELF = YES;
				CLANG_WARN_OBJC_LITERAL_CONVERSION = YES;
				CLANG_WARN_OBJC_ROOT_CLASS = YES_ERROR;
				CLANG_WARN_QUOTED_INCLUDE_IN_FRAMEWORK_HEADER = YES;
				CLANG_WARN_RANGE_LOOP_ANALYSIS = YES;
				CLANG_WARN_STRICT_PROTOTYPES = YES;
				CLANG_WARN_SUSPICIOUS_MOVE = YES;
				CLANG_WARN_UNGUARDED_AVAILABILITY = YES_AGGRESSIVE;
				CLANG_WARN_UNREACHABLE_CODE = YES;
				CLANG_WARN__DUPLICATE_METHOD_MATCH = YES;
				COPY_PHASE_STRIP = NO;
				DEBUG_INFORMATION_FORMAT = dwarf;
				ENABLE_STRICT_OBJC_MSGSEND = YES;
				ENABLE_TESTABILITY = YES;
				GCC_C_LANGUAGE_STANDARD = gnu11;
				GCC_DYNAMIC_NO_PIC = NO;
				GCC_NO_COMMON_BLOCKS = YES;
				GCC_OPTIMIZATION_LEVEL = 0;
				GCC_PREPROCESSOR_DEFINITIONS = (
					"DEBUG=1",
					"$(inherited)",
				);
				GCC_WARN_64_TO_32_BIT_CONVERSION = YES;
				GCC_WARN_ABOUT_RETURN_TYPE = YES_ERROR;
				GCC_WARN_UNDECLARED_SELECTOR = YES;
				GCC_WARN_UNINITIALIZED_AUTOS = YES_AGGRESSIVE;
				GCC_WARN_UNUSED_FUNCTION = YES;
				GCC_WARN_UNUSED_VARIABLE = YES;
				IPHONEOS_DEPLOYMENT_TARGET = 16.2;
				MTL_ENABLE_DEBUG_INFO = INCLUDE_SOURCE;
				MTL_FAST_MATH = YES;
				ONLY_ACTIVE_ARCH = YES;
				SDKROOT = iphoneos;
				SWIFT_ACTIVE_COMPILATION_CONDITIONS = DEBUG;
				SWIFT_OPTIMIZATION_LEVEL = "-Onone";
			};
			name = Debug;
		};
		9C75B9C1296F5910003B35E6 /* Release */ = {
			isa = XCBuildConfiguration;
			buildSettings = {
				ALWAYS_SEARCH_USER_PATHS = NO;
				CLANG_ANALYZER_NONNULL = YES;
				CLANG_ANALYZER_NUMBER_OBJECT_CONVERSION = YES_AGGRESSIVE;
				CLANG_CXX_LANGUAGE_STANDARD = "gnu++20";
				CLANG_ENABLE_MODULES = YES;
				CLANG_ENABLE_OBJC_ARC = YES;
				CLANG_ENABLE_OBJC_WEAK = YES;
				CLANG_WARN_BLOCK_CAPTURE_AUTORELEASING = YES;
				CLANG_WARN_BOOL_CONVERSION = YES;
				CLANG_WARN_COMMA = YES;
				CLANG_WARN_CONSTANT_CONVERSION = YES;
				CLANG_WARN_DEPRECATED_OBJC_IMPLEMENTATIONS = YES;
				CLANG_WARN_DIRECT_OBJC_ISA_USAGE = YES_ERROR;
				CLANG_WARN_DOCUMENTATION_COMMENTS = YES;
				CLANG_WARN_EMPTY_BODY = YES;
				CLANG_WARN_ENUM_CONVERSION = YES;
				CLANG_WARN_INFINITE_RECURSION = YES;
				CLANG_WARN_INT_CONVERSION = YES;
				CLANG_WARN_NON_LITERAL_NULL_CONVERSION = YES;
				CLANG_WARN_OBJC_IMPLICIT_RETAIN_SELF = YES;
				CLANG_WARN_OBJC_LITERAL_CONVERSION = YES;
				CLANG_WARN_OBJC_ROOT_CLASS = YES_ERROR;
				CLANG_WARN_QUOTED_INCLUDE_IN_FRAMEWORK_HEADER = YES;
				CLANG_WARN_RANGE_LOOP_ANALYSIS = YES;
				CLANG_WARN_STRICT_PROTOTYPES = YES;
				CLANG_WARN_SUSPICIOUS_MOVE = YES;
				CLANG_WARN_UNGUARDED_AVAILABILITY = YES_AGGRESSIVE;
				CLANG_WARN_UNREACHABLE_CODE = YES;
				CLANG_WARN__DUPLICATE_METHOD_MATCH = YES;
				COPY_PHASE_STRIP = NO;
				DEBUG_INFORMATION_FORMAT = "dwarf-with-dsym";
				ENABLE_NS_ASSERTIONS = NO;
				ENABLE_STRICT_OBJC_MSGSEND = YES;
				GCC_C_LANGUAGE_STANDARD = gnu11;
				GCC_NO_COMMON_BLOCKS = YES;
				GCC_WARN_64_TO_32_BIT_CONVERSION = YES;
				GCC_WARN_ABOUT_RETURN_TYPE = YES_ERROR;
				GCC_WARN_UNDECLARED_SELECTOR = YES;
				GCC_WARN_UNINITIALIZED_AUTOS = YES_AGGRESSIVE;
				GCC_WARN_UNUSED_FUNCTION = YES;
				GCC_WARN_UNUSED_VARIABLE = YES;
				IPHONEOS_DEPLOYMENT_TARGET = 16.2;
				MTL_ENABLE_DEBUG_INFO = NO;
				MTL_FAST_MATH = YES;
				SDKROOT = iphoneos;
				SWIFT_COMPILATION_MODE = wholemodule;
				SWIFT_OPTIMIZATION_LEVEL = "-O";
				VALIDATE_PRODUCT = YES;
			};
			name = Release;
		};
		9C75B9C3296F5910003B35E6 /* Debug */ = {
			isa = XCBuildConfiguration;
			buildSettings = {
				ASSETCATALOG_COMPILER_APPICON_NAME = AppIcon;
				ASSETCATALOG_COMPILER_GLOBAL_ACCENT_COLOR_NAME = AccentColor;
				CODE_SIGN_STYLE = Automatic;
				CURRENT_PROJECT_VERSION = 1;
				DEVELOPMENT_ASSET_PATHS = "\"FantasyDraftTool/Preview Content\"";
				DEVELOPMENT_TEAM = KR268MWQL4;
				ENABLE_PREVIEWS = YES;
				GENERATE_INFOPLIST_FILE = YES;
				INFOPLIST_FILE = FantasyDraftTool/Info.plist;
				INFOPLIST_KEY_UIApplicationSceneManifest_Generation = YES;
				INFOPLIST_KEY_UIApplicationSupportsIndirectInputEvents = YES;
				INFOPLIST_KEY_UILaunchScreen_Generation = YES;
				INFOPLIST_KEY_UISupportedInterfaceOrientations_iPad = "UIInterfaceOrientationPortrait UIInterfaceOrientationPortraitUpsideDown UIInterfaceOrientationLandscapeLeft UIInterfaceOrientationLandscapeRight";
				INFOPLIST_KEY_UISupportedInterfaceOrientations_iPhone = "UIInterfaceOrientationPortrait UIInterfaceOrientationLandscapeLeft UIInterfaceOrientationLandscapeRight";
				LD_RUNPATH_SEARCH_PATHS = (
					"$(inherited)",
					"@executable_path/Frameworks",
				);
				MARKETING_VERSION = 1.0;
				PRODUCT_BUNDLE_IDENTIFIER = vin.FantasyDraftTool;
				PRODUCT_NAME = "$(TARGET_NAME)";
				SWIFT_EMIT_LOC_STRINGS = YES;
				SWIFT_VERSION = 5.0;
				TARGETED_DEVICE_FAMILY = "1,2";
			};
			name = Debug;
		};
		9C75B9C4296F5910003B35E6 /* Release */ = {
			isa = XCBuildConfiguration;
			buildSettings = {
				ASSETCATALOG_COMPILER_APPICON_NAME = AppIcon;
				ASSETCATALOG_COMPILER_GLOBAL_ACCENT_COLOR_NAME = AccentColor;
				CODE_SIGN_STYLE = Automatic;
				CURRENT_PROJECT_VERSION = 1;
				DEVELOPMENT_ASSET_PATHS = "\"FantasyDraftTool/Preview Content\"";
				DEVELOPMENT_TEAM = KR268MWQL4;
				ENABLE_PREVIEWS = YES;
				GENERATE_INFOPLIST_FILE = YES;
				INFOPLIST_FILE = FantasyDraftTool/Info.plist;
				INFOPLIST_KEY_UIApplicationSceneManifest_Generation = YES;
				INFOPLIST_KEY_UIApplicationSupportsIndirectInputEvents = YES;
				INFOPLIST_KEY_UILaunchScreen_Generation = YES;
				INFOPLIST_KEY_UISupportedInterfaceOrientations_iPad = "UIInterfaceOrientationPortrait UIInterfaceOrientationPortraitUpsideDown UIInterfaceOrientationLandscapeLeft UIInterfaceOrientationLandscapeRight";
				INFOPLIST_KEY_UISupportedInterfaceOrientations_iPhone = "UIInterfaceOrientationPortrait UIInterfaceOrientationLandscapeLeft UIInterfaceOrientationLandscapeRight";
				LD_RUNPATH_SEARCH_PATHS = (
					"$(inherited)",
					"@executable_path/Frameworks",
				);
				MARKETING_VERSION = 1.0;
				PRODUCT_BUNDLE_IDENTIFIER = vin.FantasyDraftTool;
				PRODUCT_NAME = "$(TARGET_NAME)";
				SWIFT_EMIT_LOC_STRINGS = YES;
				SWIFT_VERSION = 5.0;
				TARGETED_DEVICE_FAMILY = "1,2";
			};
			name = Release;
		};
/* End XCBuildConfiguration section */

/* Begin XCConfigurationList section */
		9C75B9AF296F590F003B35E6 /* Build configuration list for PBXProject "FantasyDraftTool" */ = {
			isa = XCConfigurationList;
			buildConfigurations = (
				9C75B9C0296F5910003B35E6 /* Debug */,
				9C75B9C1296F5910003B35E6 /* Release */,
			);
			defaultConfigurationIsVisible = 0;
			defaultConfigurationName = Release;
		};
		9C75B9C2296F5910003B35E6 /* Build configuration list for PBXNativeTarget "FantasyDraftTool" */ = {
			isa = XCConfigurationList;
			buildConfigurations = (
				9C75B9C3296F5910003B35E6 /* Debug */,
				9C75B9C4296F5910003B35E6 /* Release */,
			);
			defaultConfigurationIsVisible = 0;
			defaultConfigurationName = Release;
		};
/* End XCConfigurationList section */

/* Begin XCRemoteSwiftPackageReference section */
		9C82187729A6E34F007DA5D2 /* XCRemoteSwiftPackageReference "firebase-ios-sdk" */ = {
			isa = XCRemoteSwiftPackageReference;
			repositoryURL = "https://github.com/firebase/firebase-ios-sdk";
			requirement = {
				kind = upToNextMajorVersion;
				minimumVersion = 9.0.0;
			};
		};
/* End XCRemoteSwiftPackageReference section */

/* Begin XCSwiftPackageProductDependency section */
		9C82187829A6E34F007DA5D2 /* FirebaseAuth */ = {
			isa = XCSwiftPackageProductDependency;
			package = 9C82187729A6E34F007DA5D2 /* XCRemoteSwiftPackageReference "firebase-ios-sdk" */;
			productName = FirebaseAuth;
		};
		9C82187A29A6E34F007DA5D2 /* FirebaseDatabase */ = {
			isa = XCSwiftPackageProductDependency;
			package = 9C82187729A6E34F007DA5D2 /* XCRemoteSwiftPackageReference "firebase-ios-sdk" */;
			productName = FirebaseDatabase;
		};
		9C82187C29A6E34F007DA5D2 /* FirebaseDatabaseSwift */ = {
			isa = XCSwiftPackageProductDependency;
			package = 9C82187729A6E34F007DA5D2 /* XCRemoteSwiftPackageReference "firebase-ios-sdk" */;
			productName = FirebaseDatabaseSwift;
		};
		9C82187E29A6E34F007DA5D2 /* FirebaseFirestore */ = {
			isa = XCSwiftPackageProductDependency;
			package = 9C82187729A6E34F007DA5D2 /* XCRemoteSwiftPackageReference "firebase-ios-sdk" */;
			productName = FirebaseFirestore;
		};
		9C82188029A6E34F007DA5D2 /* FirebaseFirestoreSwift */ = {
			isa = XCSwiftPackageProductDependency;
			package = 9C82187729A6E34F007DA5D2 /* XCRemoteSwiftPackageReference "firebase-ios-sdk" */;
			productName = FirebaseFirestoreSwift;
		};
/* End XCSwiftPackageProductDependency section */
	};
	rootObject = 9C75B9AC296F590F003B35E6 /* Project object */;
}
